// !$*UTF8*$!
{
	archiveVersion = 1;
	classes = {
	};
	objectVersion = 54;
	objects = {

/* Begin PBXBuildFile section */
		B318D1531A097829002F59AB /* AdSupport.framework in Frameworks */ = {isa = PBXBuildFile; fileRef = B318D1521A097829002F59AB /* AdSupport.framework */; };
		B3257AC319B41E8D00CC471C /* CoreData.framework in Frameworks */ = {isa = PBXBuildFile; fileRef = B3257AC219B41E8D00CC471C /* CoreData.framework */; };
		B3257AC519B41E9B00CC471C /* SystemConfiguration.framework in Frameworks */ = {isa = PBXBuildFile; fileRef = B3257AC419B41E9B00CC471C /* SystemConfiguration.framework */; };
		B34E227119AD41290001127D /* Images.xcassets in Resources */ = {isa = PBXBuildFile; fileRef = ED70D5FB18FF17E0007B4C18 /* Images.xcassets */; };
		B3A5FB491CD3361000F72655 /* DBZ_UPRGlobal.swift in Sources */ = {isa = PBXBuildFile; fileRef = B3A5FB481CD3361000F72655 /* DBZ_UPRGlobal.swift */; };
		B3C785801F68E97F00F571C3 /* Shared.xcassets in Resources */ = {isa = PBXBuildFile; fileRef = B3C7857F1F68E97F00F571C3 /* Shared.xcassets */; };
		B3C785811F68E9A400F571C3 /* Shared.xcassets in Resources */ = {isa = PBXBuildFile; fileRef = B3C7857F1F68E97F00F571C3 /* Shared.xcassets */; };
		B3C968CB1AB20B44000819E0 /* Images.xcassets in Resources */ = {isa = PBXBuildFile; fileRef = B3C968CA1AB20B44000819E0 /* Images.xcassets */; };
		B3DAF9FB1CCE6E5200E06E2C /* Universal Presenter Remote WatchKit App.app in Embed Watch Content */ = {isa = PBXBuildFile; fileRef = B3C968C01AB20B44000819E0 /* Universal Presenter Remote WatchKit App.app */; };
		B3FDD4323055EACA00E2BE9A /* PresenterService.swift in Sources */ = {isa = PBXBuildFile; fileRef = B3FDD4313055EACA00E2BE9A /* PresenterService.swift */; };
		B3FDD4333055EACA00E2BE9A /* PresenterService.swift in Sources */ = {isa = PBXBuildFile; fileRef = B3FDD4313055EACA00E2BE9A /* PresenterService.swift */; };
		B3FDD4353055EAF800E2BE9A /* ActivityEntry.swift in Sources */ = {isa = PBXBuildFile; fileRef = B3FDD4343055EAF800E2BE9A /* ActivityEntry.swift */; };
		B3FDD4363055EAF800E2BE9A /* ActivityEntry.swift in Sources */ = {isa = PBXBuildFile; fileRef = B3FDD4343055EAF800E2BE9A /* ActivityEntry.swift */; };
		B3FDD4383055EB0B00E2BE9A /* PresenterSession.swift in Sources */ = {isa = PBXBuildFile; fileRef = B3FDD4373055EB0B00E2BE9A /* PresenterSession.swift */; };
		B3FDD4393055EB0B00E2BE9A /* PresenterSession.swift in Sources */ = {isa = PBXBuildFile; fileRef = B3FDD4373055EB0B00E2BE9A /* PresenterSession.swift */; };
		B3FDD43C3055EB2F00E2BE9A /* DesignSystem.swift in Sources */ = {isa = PBXBuildFile; fileRef = B3FDD43B3055EB2F00E2BE9A /* DesignSystem.swift */; };
		B3FDD43E3055EB3400E2BE9A /* TokenBoxesView.swift in Sources */ = {isa = PBXBuildFile; fileRef = B3FDD43D3055EB3400E2BE9A /* TokenBoxesView.swift */; };
		B3FDD4403055EB7E00E2BE9A /* RootView.swift in Sources */ = {isa = PBXBuildFile; fileRef = B3FDD43F3055EB7E00E2BE9A /* RootView.swift */; };
		B3FDD4423055EB8E00E2BE9A /* PairView.swift in Sources */ = {isa = PBXBuildFile; fileRef = B3FDD4413055EB8E00E2BE9A /* PairView.swift */; };
		B3FDD4443055EB9D00E2BE9A /* PresentView.swift in Sources */ = {isa = PBXBuildFile; fileRef = B3FDD4433055EB9D00E2BE9A /* PresentView.swift */; };
		B3FDD4463055EBAA00E2BE9A /* InstructionsView.swift in Sources */ = {isa = PBXBuildFile; fileRef = B3FDD4453055EBAA00E2BE9A /* InstructionsView.swift */; };
		B3FDD4483055EBB100E2BE9A /* UniversalPresenterRemoteApp.swift in Sources */ = {isa = PBXBuildFile; fileRef = B3FDD4473055EBB100E2BE9A /* UniversalPresenterRemoteApp.swift */; };
		B3FDD44A3055EDE300E2BE9A /* UPRColors.swift in Sources */ = {isa = PBXBuildFile; fileRef = B3FDD4493055EDE300E2BE9A /* UPRColors.swift */; };
		B3FDD44B3055EDE300E2BE9A /* UPRColors.swift in Sources */ = {isa = PBXBuildFile; fileRef = B3FDD4493055EDE300E2BE9A /* UPRColors.swift */; };
		B3FDD44D3055EDF500E2BE9A /* WatchApp.swift in Sources */ = {isa = PBXBuildFile; fileRef = B3FDD44C3055EDF500E2BE9A /* WatchApp.swift */; };
		B3FDD44F3055EDF700E2BE9A /* WatchRootView.swift in Sources */ = {isa = PBXBuildFile; fileRef = B3FDD44E3055EDF700E2BE9A /* WatchRootView.swift */; };
		B3FDD4513055EDFE00E2BE9A /* WatchPairView.swift in Sources */ = {isa = PBXBuildFile; fileRef = B3FDD4503055EDFE00E2BE9A /* WatchPairView.swift */; };
		B3FDD4533055EE0200E2BE9A /* WatchPresentView.swift in Sources */ = {isa = PBXBuildFile; fileRef = B3FDD4523055EE0200E2BE9A /* WatchPresentView.swift */; };
		B3FDD4553055F0DC00E2BE9A /* WatchInstructionsView.swift in Sources */ = {isa = PBXBuildFile; fileRef = B3FDD4543055F0DC00E2BE9A /* WatchInstructionsView.swift */; };
		ED70D5EA18FF17E0007B4C18 /* Foundation.framework in Frameworks */ = {isa = PBXBuildFile; fileRef = ED70D5E918FF17E0007B4C18 /* Foundation.framework */; };
		ED70D5EC18FF17E0007B4C18 /* CoreGraphics.framework in Frameworks */ = {isa = PBXBuildFile; fileRef = ED70D5EB18FF17E0007B4C18 /* CoreGraphics.framework */; };
		ED70D5EE18FF17E0007B4C18 /* UIKit.framework in Frameworks */ = {isa = PBXBuildFile; fileRef = ED70D5ED18FF17E0007B4C18 /* UIKit.framework */; };
		ED70D5FA18FF17E0007B4C18 /* DBZ_AppDelegate.swift in Sources */ = {isa = PBXBuildFile; fileRef = ED70D5F918FF17E0007B4C18 /* DBZ_AppDelegate.swift */; };
/* End PBXBuildFile section */

/* Begin PBXContainerItemProxy section */
		B3DAF9F91CCE6E5200E06E2C /* PBXContainerItemProxy */ = {
			isa = PBXContainerItemProxy;
			containerPortal = ED70D5DE18FF17E0007B4C18 /* Project object */;
			proxyType = 1;
			remoteGlobalIDString = B3C968BF1AB20B44000819E0;
			remoteInfo = "Universal Presenter Remote WatchKit App";
		};
/* End PBXContainerItemProxy section */

/* Begin PBXCopyFilesBuildPhase section */
		B3DAF9FD1CCE6E5200E06E2C /* Embed Watch Content */ = {
			isa = PBXCopyFilesBuildPhase;
			buildActionMask = 2147483647;
			dstPath = "$(CONTENTS_FOLDER_PATH)/Watch";
			dstSubfolderSpec = 16;
			files = (
				B3DAF9FB1CCE6E5200E06E2C /* Universal Presenter Remote WatchKit App.app in Embed Watch Content */,
			);
			name = "Embed Watch Content";
			runOnlyForDeploymentPostprocessing = 0;
		};
/* End PBXCopyFilesBuildPhase section */

/* Begin PBXFileReference section */
		B318D1521A097829002F59AB /* AdSupport.framework */ = {isa = PBXFileReference; lastKnownFileType = wrapper.framework; name = AdSupport.framework; path = System/Library/Frameworks/AdSupport.framework; sourceTree = SDKROOT; };
		B3257AC219B41E8D00CC471C /* CoreData.framework */ = {isa = PBXFileReference; lastKnownFileType = wrapper.framework; name = CoreData.framework; path = System/Library/Frameworks/CoreData.framework; sourceTree = SDKROOT; };
		B3257AC419B41E9B00CC471C /* SystemConfiguration.framework */ = {isa = PBXFileReference; lastKnownFileType = wrapper.framework; name = SystemConfiguration.framework; path = System/Library/Frameworks/SystemConfiguration.framework; sourceTree = SDKROOT; };
		B3257AC619B41EA700CC471C /* libz.dylib */ = {isa = PBXFileReference; lastKnownFileType = "compiled.mach-o.dylib"; name = libz.dylib; path = usr/lib/libz.dylib; sourceTree = SDKROOT; };
		B3257ACD19B424C200CC471C /* libsqlite3.0.dylib */ = {isa = PBXFileReference; lastKnownFileType = "compiled.mach-o.dylib"; name = libsqlite3.0.dylib; path = usr/lib/libsqlite3.0.dylib; sourceTree = SDKROOT; };
		B34E227419AD629D0001127D /* Universal Presenter Remote.entitlements */ = {isa = PBXFileReference; lastKnownFileType = text.xml; path = "Universal Presenter Remote.entitlements"; sourceTree = "<group>"; };
		B38412A11CD135B6000419B7 /* libz.tbd */ = {isa = PBXFileReference; lastKnownFileType = "sourcecode.text-based-dylib-definition"; name = libz.tbd; path = usr/lib/libz.tbd; sourceTree = SDKROOT; };
		B3A5FB481CD3361000F72655 /* DBZ_UPRGlobal.swift */ = {isa = PBXFileReference; fileEncoding = 4; lastKnownFileType = sourcecode.swift; path = DBZ_UPRGlobal.swift; sourceTree = "<group>"; };
		B3C7857F1F68E97F00F571C3 /* Shared.xcassets */ = {isa = PBXFileReference; lastKnownFileType = folder.assetcatalog; path = Shared.xcassets; sourceTree = "<group>"; };
		B3C968C01AB20B44000819E0 /* Universal Presenter Remote WatchKit App.app */ = {isa = PBXFileReference; explicitFileType = wrapper.application; includeInIndex = 0; path = "Universal Presenter Remote WatchKit App.app"; sourceTree = BUILT_PRODUCTS_DIR; };
		B3C968CA1AB20B44000819E0 /* Images.xcassets */ = {isa = PBXFileReference; lastKnownFileType = folder.assetcatalog; path = Images.xcassets; sourceTree = "<group>"; };
		B3F585451BB4FA1300BC67A2 /* libsqlite3.tbd */ = {isa = PBXFileReference; lastKnownFileType = "sourcecode.text-based-dylib-definition"; name = libsqlite3.tbd; path = usr/lib/libsqlite3.tbd; sourceTree = SDKROOT; };
		B3FDD4313055EACA00E2BE9A /* PresenterService.swift */ = {isa = PBXFileReference; lastKnownFileType = sourcecode.swift; path = PresenterService.swift; sourceTree = "<group>"; };
		B3FDD4343055EAF800E2BE9A /* ActivityEntry.swift */ = {isa = PBXFileReference; lastKnownFileType = sourcecode.swift; path = ActivityEntry.swift; sourceTree = "<group>"; };
		B3FDD4373055EB0B00E2BE9A /* PresenterSession.swift */ = {isa = PBXFileReference; lastKnownFileType = sourcecode.swift; path = PresenterSession.swift; sourceTree = "<group>"; };
		B3FDD43B3055EB2F00E2BE9A /* DesignSystem.swift */ = {isa = PBXFileReference; lastKnownFileType = sourcecode.swift; path = DesignSystem.swift; sourceTree = "<group>"; };
		B3FDD43D3055EB3400E2BE9A /* TokenBoxesView.swift */ = {isa = PBXFileReference; lastKnownFileType = sourcecode.swift; path = TokenBoxesView.swift; sourceTree = "<group>"; };
		B3FDD43F3055EB7E00E2BE9A /* RootView.swift */ = {isa = PBXFileReference; lastKnownFileType = sourcecode.swift; path = RootView.swift; sourceTree = "<group>"; };
		B3FDD4413055EB8E00E2BE9A /* PairView.swift */ = {isa = PBXFileReference; lastKnownFileType = sourcecode.swift; path = PairView.swift; sourceTree = "<group>"; };
		B3FDD4433055EB9D00E2BE9A /* PresentView.swift */ = {isa = PBXFileReference; lastKnownFileType = sourcecode.swift; path = PresentView.swift; sourceTree = "<group>"; };
		B3FDD4453055EBAA00E2BE9A /* InstructionsView.swift */ = {isa = PBXFileReference; lastKnownFileType = sourcecode.swift; path = InstructionsView.swift; sourceTree = "<group>"; };
		B3FDD4473055EBB100E2BE9A /* UniversalPresenterRemoteApp.swift */ = {isa = PBXFileReference; lastKnownFileType = sourcecode.swift; path = UniversalPresenterRemoteApp.swift; sourceTree = "<group>"; };
		B3FDD4493055EDE300E2BE9A /* UPRColors.swift */ = {isa = PBXFileReference; lastKnownFileType = sourcecode.swift; path = UPRColors.swift; sourceTree = "<group>"; };
		B3FDD44C3055EDF500E2BE9A /* WatchApp.swift */ = {isa = PBXFileReference; lastKnownFileType = sourcecode.swift; path = WatchApp.swift; sourceTree = "<group>"; };
		B3FDD44E3055EDF700E2BE9A /* WatchRootView.swift */ = {isa = PBXFileReference; lastKnownFileType = sourcecode.swift; path = WatchRootView.swift; sourceTree = "<group>"; };
		B3FDD4503055EDFE00E2BE9A /* WatchPairView.swift */ = {isa = PBXFileReference; lastKnownFileType = sourcecode.swift; path = WatchPairView.swift; sourceTree = "<group>"; };
		B3FDD4523055EE0200E2BE9A /* WatchPresentView.swift */ = {isa = PBXFileReference; lastKnownFileType = sourcecode.swift; path = WatchPresentView.swift; sourceTree = "<group>"; };
		B3FDD4543055F0DC00E2BE9A /* WatchInstructionsView.swift */ = {isa = PBXFileReference; lastKnownFileType = sourcecode.swift; path = WatchInstructionsView.swift; sourceTree = "<group>"; };
		ED35B95D1901BC830074B424 /* iAd.framework */ = {isa = PBXFileReference; lastKnownFileType = wrapper.framework; name = iAd.framework; path = System/Library/Frameworks/iAd.framework; sourceTree = SDKROOT; };
		ED70D5E618FF17E0007B4C18 /* Universal Presenter Remote.app */ = {isa = PBXFileReference; explicitFileType = wrapper.application; includeInIndex = 0; path = "Universal Presenter Remote.app"; sourceTree = BUILT_PRODUCTS_DIR; };
		ED70D5E918FF17E0007B4C18 /* Foundation.framework */ = {isa = PBXFileReference; lastKnownFileType = wrapper.framework; name = Foundation.framework; path = System/Library/Frameworks/Foundation.framework; sourceTree = SDKROOT; };
		ED70D5EB18FF17E0007B4C18 /* CoreGraphics.framework */ = {isa = PBXFileReference; lastKnownFileType = wrapper.framework; name = CoreGraphics.framework; path = System/Library/Frameworks/CoreGraphics.framework; sourceTree = SDKROOT; };
		ED70D5ED18FF17E0007B4C18 /* UIKit.framework */ = {isa = PBXFileReference; lastKnownFileType = wrapper.framework; name = UIKit.framework; path = System/Library/Frameworks/UIKit.framework; sourceTree = SDKROOT; };
		ED70D5F918FF17E0007B4C18 /* DBZ_AppDelegate.swift */ = {isa = PBXFileReference; lastKnownFileType = sourcecode.swift; path = DBZ_AppDelegate.swift; sourceTree = "<group>"; };
		ED70D5FB18FF17E0007B4C18 /* Images.xcassets */ = {isa = PBXFileReference; lastKnownFileType = folder.assetcatalog; path = Images.xcassets; sourceTree = "<group>"; };
/* End PBXFileReference section */

/* Begin PBXFrameworksBuildPhase section */
		90A29AD1ABBC25EE41C2152D /* Frameworks */ = {
			isa = PBXFrameworksBuildPhase;
			buildActionMask = 2147483647;
			files = (
			);
			runOnlyForDeploymentPostprocessing = 0;
		};
		ED70D5E318FF17E0007B4C18 /* Frameworks */ = {
			isa = PBXFrameworksBuildPhase;
			buildActionMask = 2147483647;
			files = (
				B318D1531A097829002F59AB /* AdSupport.framework in Frameworks */,
				B3257AC519B41E9B00CC471C /* SystemConfiguration.framework in Frameworks */,
				B3257AC319B41E8D00CC471C /* CoreData.framework in Frameworks */,
				ED70D5EC18FF17E0007B4C18 /* CoreGraphics.framework in Frameworks */,
				ED70D5EE18FF17E0007B4C18 /* UIKit.framework in Frameworks */,
				ED70D5EA18FF17E0007B4C18 /* Foundation.framework in Frameworks */,
			);
			runOnlyForDeploymentPostprocessing = 0;
		};
/* End PBXFrameworksBuildPhase section */

/* Begin PBXGroup section */
		B3C968C41AB20B44000819E0 /* Universal Presenter Remote WatchKit App */ = {
			isa = PBXGroup;
			children = (
				B3C968CA1AB20B44000819E0 /* Images.xcassets */,
				B3FDD44C3055EDF500E2BE9A /* WatchApp.swift */,
				B3FDD44E3055EDF700E2BE9A /* WatchRootView.swift */,
				B3FDD4503055EDFE00E2BE9A /* WatchPairView.swift */,
				B3FDD4523055EE0200E2BE9A /* WatchPresentView.swift */,
				B3FDD4543055F0DC00E2BE9A /* WatchInstructionsView.swift */,
			);
			path = "Universal Presenter Remote WatchKit App";
			sourceTree = "<group>";
		};
		B3FDD43A3055EB2F00E2BE9A /* Views */ = {
			isa = PBXGroup;
			children = (
				B3FDD43B3055EB2F00E2BE9A /* DesignSystem.swift */,
				B3FDD43D3055EB3400E2BE9A /* TokenBoxesView.swift */,
				B3FDD43F3055EB7E00E2BE9A /* RootView.swift */,
				B3FDD4413055EB8E00E2BE9A /* PairView.swift */,
				B3FDD4433055EB9D00E2BE9A /* PresentView.swift */,
				B3FDD4453055EBAA00E2BE9A /* InstructionsView.swift */,
			);
			path = Views;
			sourceTree = "<group>";
		};
		ED282329190067AB0030B9C4 /* Shared */ = {
			isa = PBXGroup;
			children = (
				B3A5FB481CD3361000F72655 /* DBZ_UPRGlobal.swift */,
				B3C7857F1F68E97F00F571C3 /* Shared.xcassets */,
				B3FDD4313055EACA00E2BE9A /* PresenterService.swift */,
				B3FDD4343055EAF800E2BE9A /* ActivityEntry.swift */,
				B3FDD4373055EB0B00E2BE9A /* PresenterSession.swift */,
				B3FDD4493055EDE300E2BE9A /* UPRColors.swift */,
			);
			name = Shared;
			sourceTree = "<group>";
		};
		ED70D5DD18FF17E0007B4C18 = {
			isa = PBXGroup;
			children = (
				ED70D5EF18FF17E0007B4C18 /* Universal Presenter Remote */,
				B3C968C41AB20B44000819E0 /* Universal Presenter Remote WatchKit App */,
				ED70D5E818FF17E0007B4C18 /* Frameworks */,
				ED70D5E718FF17E0007B4C18 /* Products */,
			);
			sourceTree = "<group>";
		};
		ED70D5E718FF17E0007B4C18 /* Products */ = {
			isa = PBXGroup;
			children = (
				ED70D5E618FF17E0007B4C18 /* Universal Presenter Remote.app */,
				B3C968C01AB20B44000819E0 /* Universal Presenter Remote WatchKit App.app */,
			);
			name = Products;
			sourceTree = "<group>";
		};
		ED70D5E818FF17E0007B4C18 /* Frameworks */ = {
			isa = PBXGroup;
			children = (
				B38412A11CD135B6000419B7 /* libz.tbd */,
				B3F585451BB4FA1300BC67A2 /* libsqlite3.tbd */,
				B318D1521A097829002F59AB /* AdSupport.framework */,
				B3257ACD19B424C200CC471C /* libsqlite3.0.dylib */,
				B3257AC619B41EA700CC471C /* libz.dylib */,
				B3257AC419B41E9B00CC471C /* SystemConfiguration.framework */,
				B3257AC219B41E8D00CC471C /* CoreData.framework */,
				ED35B95D1901BC830074B424 /* iAd.framework */,
				ED70D5E918FF17E0007B4C18 /* Foundation.framework */,
				ED70D5EB18FF17E0007B4C18 /* CoreGraphics.framework */,
				ED70D5ED18FF17E0007B4C18 /* UIKit.framework */,
			);
			name = Frameworks;
			sourceTree = "<group>";
		};
		ED70D5EF18FF17E0007B4C18 /* Universal Presenter Remote */ = {
			isa = PBXGroup;
			children = (
				B34E227419AD629D0001127D /* Universal Presenter Remote.entitlements */,
				ED70D5F918FF17E0007B4C18 /* DBZ_AppDelegate.swift */,
				ED282329190067AB0030B9C4 /* Shared */,
				ED70D5FB18FF17E0007B4C18 /* Images.xcassets */,
				B3FDD43A3055EB2F00E2BE9A /* Views */,
				B3FDD4473055EBB100E2BE9A /* UniversalPresenterRemoteApp.swift */,
			);
			path = "Universal Presenter Remote";
			sourceTree = "<group>";
		};
/* End PBXGroup section */

/* Begin PBXNativeTarget section */
		B3C968BF1AB20B44000819E0 /* Universal Presenter Remote WatchKit App */ = {
			isa = PBXNativeTarget;
			buildConfigurationList = B3C968D31AB20B44000819E0 /* Build configuration list for PBXNativeTarget "Universal Presenter Remote WatchKit App" */;
			buildPhases = (
				B3C968BE1AB20B44000819E0 /* Resources */,
				90A29AD1ABBC25EE41C2152D /* Frameworks */,
				B3C968AF1AB20B44000819E0 /* Sources */,
			);
			buildRules = (
			);
			dependencies = (
			);
			name = "Universal Presenter Remote WatchKit App";
			productName = "Universal Presenter Remote WatchKit App";
			productReference = B3C968C01AB20B44000819E0 /* Universal Presenter Remote WatchKit App.app */;
			productType = "com.apple.product-type.application";
		};
		ED70D5E518FF17E0007B4C18 /* Universal Presenter Remote */ = {
			isa = PBXNativeTarget;
			buildConfigurationList = ED70D61218FF17E1007B4C18 /* Build configuration list for PBXNativeTarget "Universal Presenter Remote" */;
			buildPhases = (
				ED70D5E218FF17E0007B4C18 /* Sources */,
				ED70D5E318FF17E0007B4C18 /* Frameworks */,
				ED70D5E418FF17E0007B4C18 /* Resources */,
				B3DAF9FD1CCE6E5200E06E2C /* Embed Watch Content */,
			);
			buildRules = (
			);
			dependencies = (
				B3DAF9FA1CCE6E5200E06E2C /* PBXTargetDependency */,
			);
			name = "Universal Presenter Remote";
			productName = "Universal Presenter Remote";
			productReference = ED70D5E618FF17E0007B4C18 /* Universal Presenter Remote.app */;
			productType = "com.apple.product-type.application";
		};
/* End PBXNativeTarget section */

/* Begin PBXProject section */
		ED70D5DE18FF17E0007B4C18 /* Project object */ = {
			isa = PBXProject;
			attributes = {
				BuildIndependentTargetsInParallel = YES;
				CLASSPREFIX = DBZ_;
				LastSwiftUpdateCheck = 0700;
				LastUpgradeCheck = 2660;
				ORGANIZATIONNAME = "DBZ Technology";
				TargetAttributes = {
					B3C968BF1AB20B44000819E0 = {
						CreatedOnToolsVersion = 6.2;
						DevelopmentTeam = 93C4626635;
						LastSwiftMigration = 0830;
						ProvisioningStyle = Automatic;
					};
					ED70D5E518FF17E0007B4C18 = {
						DevelopmentTeam = 93C4626635;
						LastSwiftMigration = 1020;
						ProvisioningStyle = Automatic;
						SystemCapabilities = {
							com.apple.ApplicationGroups.iOS = {
								enabled = 0;
							};
							com.apple.BackgroundModes = {
								enabled = 1;
							};
							com.apple.Push = {
								enabled = 1;
							};
							com.apple.SafariKeychain = {
								enabled = 1;
							};
							com.apple.iCloud = {
								enabled = 1;
							};
						};
					};
				};
			};
			buildConfigurationList = ED70D5E118FF17E0007B4C18 /* Build configuration list for PBXProject "Universal Presenter Remote" */;
			compatibilityVersion = "Xcode 6.3";
			developmentRegion = en;
			hasScannedForEncodings = 0;
			knownRegions = (
				en,
				Base,
			);
			mainGroup = ED70D5DD18FF17E0007B4C18;
			productRefGroup = ED70D5E718FF17E0007B4C18 /* Products */;
			projectDirPath = "";
			projectRoot = "";
			targets = (
				ED70D5E518FF17E0007B4C18 /* Universal Presenter Remote */,
				B3C968BF1AB20B44000819E0 /* Universal Presenter Remote WatchKit App */,
			);
		};
/* End PBXProject section */

/* Begin PBXResourcesBuildPhase section */
		B3C968BE1AB20B44000819E0 /* Resources */ = {
			isa = PBXResourcesBuildPhase;
			buildActionMask = 2147483647;
			files = (
				B3C785811F68E9A400F571C3 /* Shared.xcassets in Resources */,
				B3C968CB1AB20B44000819E0 /* Images.xcassets in Resources */,
			);
			runOnlyForDeploymentPostprocessing = 0;
		};
		ED70D5E418FF17E0007B4C18 /* Resources */ = {
			isa = PBXResourcesBuildPhase;
			buildActionMask = 2147483647;
			files = (
				B34E227119AD41290001127D /* Images.xcassets in Resources */,
				B3C785801F68E97F00F571C3 /* Shared.xcassets in Resources */,
			);
			runOnlyForDeploymentPostprocessing = 0;
		};
/* End PBXResourcesBuildPhase section */

/* Begin PBXSourcesBuildPhase section */
		B3C968AF1AB20B44000819E0 /* Sources */ = {
			isa = PBXSourcesBuildPhase;
			buildActionMask = 2147483647;
			files = (
				B3FDD4553055F0DC00E2BE9A /* WatchInstructionsView.swift in Sources */,
				B3FDD4353055EAF800E2BE9A /* ActivityEntry.swift in Sources */,
				B3FDD4323055EACA00E2BE9A /* PresenterService.swift in Sources */,
				B3FDD44D3055EDF500E2BE9A /* WatchApp.swift in Sources */,
				B3FDD4513055EDFE00E2BE9A /* WatchPairView.swift in Sources */,
				B3FDD4533055EE0200E2BE9A /* WatchPresentView.swift in Sources */,
				B3FDD44B3055EDE300E2BE9A /* UPRColors.swift in Sources */,
				B3FDD4383055EB0B00E2BE9A /* PresenterSession.swift in Sources */,
				B3FDD44F3055EDF700E2BE9A /* WatchRootView.swift in Sources */,
			);
			runOnlyForDeploymentPostprocessing = 0;
		};
		ED70D5E218FF17E0007B4C18 /* Sources */ = {
			isa = PBXSourcesBuildPhase;
			buildActionMask = 2147483647;
			files = (
				B3FDD4423055EB8E00E2BE9A /* PairView.swift in Sources */,
				B3FDD43C3055EB2F00E2BE9A /* DesignSystem.swift in Sources */,
				B3FDD4363055EAF800E2BE9A /* ActivityEntry.swift in Sources */,
				B3FDD4483055EBB100E2BE9A /* UniversalPresenterRemoteApp.swift in Sources */,
				ED70D5FA18FF17E0007B4C18 /* DBZ_AppDelegate.swift in Sources */,
				B3FDD4403055EB7E00E2BE9A /* RootView.swift in Sources */,
				B3FDD44A3055EDE300E2BE9A /* UPRColors.swift in Sources */,
				B3FDD4333055EACA00E2BE9A /* PresenterService.swift in Sources */,
				B3FDD4443055EB9D00E2BE9A /* PresentView.swift in Sources */,
				B3FDD4463055EBAA00E2BE9A /* InstructionsView.swift in Sources */,
				B3A5FB491CD3361000F72655 /* DBZ_UPRGlobal.swift in Sources */,
				B3FDD4393055EB0B00E2BE9A /* PresenterSession.swift in Sources */,
				B3FDD43E3055EB3400E2BE9A /* TokenBoxesView.swift in Sources */,
			);
			runOnlyForDeploymentPostprocessing = 0;
		};
/* End PBXSourcesBuildPhase section */

/* Begin PBXTargetDependency section */
		B3DAF9FA1CCE6E5200E06E2C /* PBXTargetDependency */ = {
			isa = PBXTargetDependency;
			target = B3C968BF1AB20B44000819E0 /* Universal Presenter Remote WatchKit App */;
			targetProxy = B3DAF9F91CCE6E5200E06E2C /* PBXContainerItemProxy */;
		};
/* End PBXTargetDependency section */

/* Begin XCBuildConfiguration section */
		B3C968D11AB20B44000819E0 /* Debug */ = {
			isa = XCBuildConfiguration;
			buildSettings = {
				ASSETCATALOG_COMPILER_APPICON_NAME = WKAppIcon;
				CLANG_WARN_UNREACHABLE_CODE = YES;
				CODE_SIGN_IDENTITY = "iPhone Developer: Brendan Boyle (6EM5FFNW2D)";
				"CODE_SIGN_IDENTITY[sdk=watchos*]" = "iPhone Developer";
				CODE_SIGN_STYLE = Automatic;
				CURRENT_PROJECT_VERSION = 21;
				ENABLE_STRICT_OBJC_MSGSEND = YES;
				GCC_PREPROCESSOR_DEFINITIONS = (
					"DEBUG=1",
					"$(inherited)",
				);
				GENERATE_INFOPLIST_FILE = YES;
				INFOPLIST_FILE = "Universal Presenter Remote WatchKit App/Info.plist";
				INFOPLIST_KEY_CFBundleDisplayName = "UPR: Remote";
				INFOPLIST_KEY_UISupportedInterfaceOrientations = "UIInterfaceOrientationPortrait UIInterfaceOrientationPortraitUpsideDown";
				INFOPLIST_KEY_WKCompanionAppBundleIdentifier = "com.dbztech.Universal-Presenter-Remote";
				INFOPLIST_KEY_WKRunsIndependentlyOfCompanionApp = YES;
				LD_RUNPATH_SEARCH_PATHS = (
					"@executable_path/Frameworks",
					"@executable_path/../../Frameworks",
				);
				MARKETING_VERSION = 4.5.0;
				MTL_ENABLE_DEBUG_INFO = YES;
				PRODUCT_BUNDLE_IDENTIFIER = "com.dbztech.Universal-Presenter-Remote.watchkitapp";
				PRODUCT_NAME = "$(TARGET_NAME)";
				PROVISIONING_PROFILE = "";
				PROVISIONING_PROFILE_SPECIFIER = "";
				SDKROOT = watchos;
				SKIP_INSTALL = YES;
				SWIFT_OPTIMIZATION_LEVEL = "-Onone";
				TARGETED_DEVICE_FAMILY = 4;
				WATCHOS_DEPLOYMENT_TARGET = 10.6;
			};
			name = Debug;
		};
		B3C968D21AB20B44000819E0 /* Release */ = {
			isa = XCBuildConfiguration;
			buildSettings = {
				ASSETCATALOG_COMPILER_APPICON_NAME = WKAppIcon;
				CLANG_WARN_UNREACHABLE_CODE = YES;
				CODE_SIGN_IDENTITY = "iPhone Distribution: Brendan Boyle (93C4626635)";
				"CODE_SIGN_IDENTITY[sdk=watchos*]" = "iPhone Developer";
				CODE_SIGN_STYLE = Automatic;
				COPY_PHASE_STRIP = NO;
				CURRENT_PROJECT_VERSION = 21;
				ENABLE_STRICT_OBJC_MSGSEND = YES;
				GENERATE_INFOPLIST_FILE = YES;
				INFOPLIST_FILE = "Universal Presenter Remote WatchKit App/Info.plist";
				INFOPLIST_KEY_CFBundleDisplayName = "UPR: Remote";
				INFOPLIST_KEY_UISupportedInterfaceOrientations = "UIInterfaceOrientationPortrait UIInterfaceOrientationPortraitUpsideDown";
				INFOPLIST_KEY_WKCompanionAppBundleIdentifier = "com.dbztech.Universal-Presenter-Remote";
				INFOPLIST_KEY_WKRunsIndependentlyOfCompanionApp = YES;
				LD_RUNPATH_SEARCH_PATHS = (
					"@executable_path/Frameworks",
					"@executable_path/../../Frameworks",
				);
				MARKETING_VERSION = 4.5.0;
				MTL_ENABLE_DEBUG_INFO = NO;
				PRODUCT_BUNDLE_IDENTIFIER = "com.dbztech.Universal-Presenter-Remote.watchkitapp";
				PRODUCT_NAME = "$(TARGET_NAME)";
				PROVISIONING_PROFILE = "";
				PROVISIONING_PROFILE_SPECIFIER = "";
				SDKROOT = watchos;
				SKIP_INSTALL = YES;
				TARGETED_DEVICE_FAMILY = 4;
				WATCHOS_DEPLOYMENT_TARGET = 10.6;
			};
			name = Release;
		};
		ED70D61018FF17E1007B4C18 /* Debug */ = {
			isa = XCBuildConfiguration;
			buildSettings = {
				ALWAYS_SEARCH_USER_PATHS = NO;
				ASSETCATALOG_COMPILER_GENERATE_SWIFT_ASSET_SYMBOL_EXTENSIONS = YES;
				CLANG_ANALYZER_LOCALIZABILITY_NONLOCALIZED = YES;
				CLANG_CXX_LANGUAGE_STANDARD = "gnu++0x";
				CLANG_CXX_LIBRARY = "libc++";
				CLANG_ENABLE_MODULES = YES;
				CLANG_ENABLE_OBJC_ARC = YES;
				CLANG_WARN_BLOCK_CAPTURE_AUTORELEASING = YES;
				CLANG_WARN_BOOL_CONVERSION = YES;
				CLANG_WARN_COMMA = YES;
				CLANG_WARN_CONSTANT_CONVERSION = YES;
				CLANG_WARN_DEPRECATED_OBJC_IMPLEMENTATIONS = YES;
				CLANG_WARN_DIRECT_OBJC_ISA_USAGE = YES_ERROR;
				CLANG_WARN_EMPTY_BODY = YES;
				CLANG_WARN_ENUM_CONVERSION = YES;
				CLANG_WARN_INFINITE_RECURSION = YES;
				CLANG_WARN_INT_CONVERSION = YES;
				CLANG_WARN_NON_LITERAL_NULL_CONVERSION = YES;
				CLANG_WARN_OBJC_IMPLICIT_RETAIN_SELF = YES;
				CLANG_WARN_OBJC_LITERAL_CONVERSION = YES;
				CLANG_WARN_OBJC_ROOT_CLASS = YES_ERROR;
				CLANG_WARN_QUOTED_INCLUDE_IN_FRAMEWORK_HEADER = YES;
				CLANG_WARN_RANGE_LOOP_ANALYSIS = YES;
				CLANG_WARN_STRICT_PROTOTYPES = YES;
				CLANG_WARN_SUSPICIOUS_MOVE = YES;
				CLANG_WARN_UNREACHABLE_CODE = YES;
				CLANG_WARN__DUPLICATE_METHOD_MATCH = YES;
				"CODE_SIGN_IDENTITY[sdk=iphoneos*]" = "iPhone Developer: Brendan Boyle (6EM5FFNW2D)";
				COPY_PHASE_STRIP = NO;
				DEVELOPMENT_TEAM = 93C4626635;
				ENABLE_STRICT_OBJC_MSGSEND = YES;
				ENABLE_TESTABILITY = YES;
				ENABLE_USER_SCRIPT_SANDBOXING = YES;
				GCC_C_LANGUAGE_STANDARD = gnu99;
				GCC_DYNAMIC_NO_PIC = NO;
				GCC_NO_COMMON_BLOCKS = YES;
				GCC_OPTIMIZATION_LEVEL = 0;
				GCC_PREPROCESSOR_DEFINITIONS = (
					"DEBUG=1",
					"$(inherited)",
				);
				GCC_SYMBOLS_PRIVATE_EXTERN = NO;
				GCC_WARN_64_TO_32_BIT_CONVERSION = YES;
				GCC_WARN_ABOUT_RETURN_TYPE = YES_ERROR;
				GCC_WARN_UNDECLARED_SELECTOR = YES;
				GCC_WARN_UNINITIALIZED_AUTOS = YES_AGGRESSIVE;
				GCC_WARN_UNUSED_FUNCTION = YES;
				GCC_WARN_UNUSED_VARIABLE = YES;
				IPHONEOS_DEPLOYMENT_TARGET = 15.5;
				ONLY_ACTIVE_ARCH = YES;
				PROVISIONING_PROFILE = "15d1af70-cae4-4c4f-b272-2d2450a24ecb";
				SDKROOT = iphoneos;
				STRING_CATALOG_GENERATE_SYMBOLS = YES;
				SWIFT_OPTIMIZATION_LEVEL = "-Onone";
				SWIFT_VERSION = 5.0;
				TARGETED_DEVICE_FAMILY = "1,2";
				WATCHOS_DEPLOYMENT_TARGET = 8.7;
			};
			name = Debug;
		};
		ED70D61118FF17E1007B4C18 /* Release */ = {
			isa = XCBuildConfiguration;
			buildSettings = {
				ALWAYS_SEARCH_USER_PATHS = NO;
				ASSETCATALOG_COMPILER_GENERATE_SWIFT_ASSET_SYMBOL_EXTENSIONS = YES;
				CLANG_ANALYZER_LOCALIZABILITY_NONLOCALIZED = YES;
				CLANG_CXX_LANGUAGE_STANDARD = "gnu++0x";
				CLANG_CXX_LIBRARY = "libc++";
				CLANG_ENABLE_MODULES = YES;
				CLANG_ENABLE_OBJC_ARC = YES;
				CLANG_WARN_BLOCK_CAPTURE_AUTORELEASING = YES;
				CLANG_WARN_BOOL_CONVERSION = YES;
				CLANG_WARN_COMMA = YES;
				CLANG_WARN_CONSTANT_CONVERSION = YES;
				CLANG_WARN_DEPRECATED_OBJC_IMPLEMENTATIONS = YES;
				CLANG_WARN_DIRECT_OBJC_ISA_USAGE = YES_ERROR;
				CLANG_WARN_EMPTY_BODY = YES;
				CLANG_WARN_ENUM_CONVERSION = YES;
				CLANG_WARN_INFINITE_RECURSION = YES;
				CLANG_WARN_INT_CONVERSION = YES;
				CLANG_WARN_NON_LITERAL_NULL_CONVERSION = YES;
				CLANG_WARN_OBJC_IMPLICIT_RETAIN_SELF = YES;
				CLANG_WARN_OBJC_LITERAL_CONVERSION = YES;
				CLANG_WARN_OBJC_ROOT_CLASS = YES_ERROR;
				CLANG_WARN_QUOTED_INCLUDE_IN_FRAMEWORK_HEADER = YES;
				CLANG_WARN_RANGE_LOOP_ANALYSIS = YES;
				CLANG_WARN_STRICT_PROTOTYPES = YES;
				CLANG_WARN_SUSPICIOUS_MOVE = YES;
				CLANG_WARN_UNREACHABLE_CODE = YES;
				CLANG_WARN__DUPLICATE_METHOD_MATCH = YES;
				"CODE_SIGN_IDENTITY[sdk=iphoneos*]" = "iPhone Distribution: Brendan Boyle (93C4626635)";
				COPY_PHASE_STRIP = YES;
				DEVELOPMENT_TEAM = 93C4626635;
				ENABLE_NS_ASSERTIONS = NO;
				ENABLE_STRICT_OBJC_MSGSEND = YES;
				ENABLE_USER_SCRIPT_SANDBOXING = YES;
				GCC_C_LANGUAGE_STANDARD = gnu99;
				GCC_NO_COMMON_BLOCKS = YES;
				GCC_WARN_64_TO_32_BIT_CONVERSION = YES;
				GCC_WARN_ABOUT_RETURN_TYPE = YES_ERROR;
				GCC_WARN_UNDECLARED_SELECTOR = YES;
				GCC_WARN_UNINITIALIZED_AUTOS = YES_AGGRESSIVE;
				GCC_WARN_UNUSED_FUNCTION = YES;
				GCC_WARN_UNUSED_VARIABLE = YES;
				IPHONEOS_DEPLOYMENT_TARGET = 15.5;
				PROVISIONING_PROFILE = "992c1f57-b876-4a51-8b97-b59a7cba46af";
				SDKROOT = iphoneos;
				STRING_CATALOG_GENERATE_SYMBOLS = YES;
				SWIFT_COMPILATION_MODE = wholemodule;
				SWIFT_VERSION = 5.0;
				TARGETED_DEVICE_FAMILY = "1,2";
				VALIDATE_PRODUCT = YES;
				WATCHOS_DEPLOYMENT_TARGET = 8.7;
			};
			name = Release;
		};
		ED70D61318FF17E1007B4C18 /* Debug */ = {
			isa = XCBuildConfiguration;
			buildSettings = {
				ASSETCATALOG_COMPILER_APPICON_NAME = AppIcon;
				CLANG_ENABLE_MODULES = YES;
				CODE_SIGN_ENTITLEMENTS = "Universal Presenter Remote/Universal Presenter Remote.entitlements";
				CODE_SIGN_IDENTITY = "iPhone Developer: Brendan Boyle (6EM5FFNW2D)";
				"CODE_SIGN_IDENTITY[sdk=iphoneos*]" = "iPhone Developer";
				CODE_SIGN_STYLE = Automatic;
				CURRENT_PROJECT_VERSION = 21;
				ENABLE_BITCODE = NO;
				GCC_PRECOMPILE_PREFIX_HEADER = YES;
				GCC_PREFIX_HEADER = "Universal Presenter Remote/Universal Presenter Remote-Prefix.pch";
				GENERATE_INFOPLIST_FILE = YES;
				INFOPLIST_FILE = "Universal Presenter Remote/Universal Presenter Remote-Info.plist";
				INFOPLIST_KEY_CFBundleDisplayName = "UPR: Remote";
				INFOPLIST_KEY_ITSAppUsesNonExemptEncryption = NO;
				INFOPLIST_KEY_LSApplicationCategoryType = "public.app-category.utilities";
				INFOPLIST_KEY_UIRequiredDeviceCapabilities = armv7;
				INFOPLIST_KEY_UIStatusBarStyle = UIStatusBarStyleDefault;
				INFOPLIST_KEY_UISupportedInterfaceOrientations = UIInterfaceOrientationPortrait;
				INFOPLIST_KEY_UISupportedInterfaceOrientations_iPad = "UIInterfaceOrientationPortrait UIInterfaceOrientationPortraitUpsideDown UIInterfaceOrientationLandscapeLeft UIInterfaceOrientationLandscapeRight";
				IPHONEOS_DEPLOYMENT_TARGET = 17.6;
				LD_RUNPATH_SEARCH_PATHS = (
					"$(inherited)",
					"@executable_path/Frameworks",
				);
				LIBRARY_SEARCH_PATHS = (
					"$(inherited)",
					"$(PROJECT_DIR)",
				);
				MARKETING_VERSION = 4.5.0;
				PRODUCT_BUNDLE_IDENTIFIER = "com.dbztech.${PRODUCT_NAME:rfc1034identifier}";
				PRODUCT_NAME = "$(TARGET_NAME)";
				PROVISIONING_PROFILE = "";
				PROVISIONING_PROFILE_SPECIFIER = "";
				SWIFT_OBJC_INTERFACE_HEADER_NAME = "UPR-Swift.h";
				SWIFT_OPTIMIZATION_LEVEL = "-Onone";
				WRAPPER_EXTENSION = app;
			};
			name = Debug;
		};
		ED70D61418FF17E1007B4C18 /* Release */ = {
			isa = XCBuildConfiguration;
			buildSettings = {
				ASSETCATALOG_COMPILER_APPICON_NAME = AppIcon;
				CLANG_ENABLE_MODULES = YES;
				CODE_SIGN_ENTITLEMENTS = "Universal Presenter Remote/Universal Presenter Remote.entitlements";
				CODE_SIGN_IDENTITY = "iPhone Distribution: Brendan Boyle (93C4626635)";
				"CODE_SIGN_IDENTITY[sdk=iphoneos*]" = "iPhone Developer";
				CODE_SIGN_STYLE = Automatic;
				CURRENT_PROJECT_VERSION = 21;
				ENABLE_BITCODE = NO;
				GCC_PRECOMPILE_PREFIX_HEADER = YES;
				GCC_PREFIX_HEADER = "Universal Presenter Remote/Universal Presenter Remote-Prefix.pch";
				GENERATE_INFOPLIST_FILE = YES;
				INFOPLIST_FILE = "Universal Presenter Remote/Universal Presenter Remote-Info.plist";
				INFOPLIST_KEY_CFBundleDisplayName = "UPR: Remote";
				INFOPLIST_KEY_ITSAppUsesNonExemptEncryption = NO;
				INFOPLIST_KEY_LSApplicationCategoryType = "public.app-category.utilities";
				INFOPLIST_KEY_UIRequiredDeviceCapabilities = armv7;
				INFOPLIST_KEY_UIStatusBarStyle = UIStatusBarStyleDefault;
				INFOPLIST_KEY_UISupportedInterfaceOrientations = UIInterfaceOrientationPortrait;
				INFOPLIST_KEY_UISupportedInterfaceOrientations_iPad = "UIInterfaceOrientationPortrait UIInterfaceOrientationPortraitUpsideDown UIInterfaceOrientationLandscapeLeft UIInterfaceOrientationLandscapeRight";
				IPHONEOS_DEPLOYMENT_TARGET = 17.6;
				LD_RUNPATH_SEARCH_PATHS = (
					"$(inherited)",
					"@executable_path/Frameworks",
				);
				LIBRARY_SEARCH_PATHS = (
					"$(inherited)",
					"$(PROJECT_DIR)",
				);
				MARKETING_VERSION = 4.5.0;
				PRODUCT_BUNDLE_IDENTIFIER = "com.dbztech.${PRODUCT_NAME:rfc1034identifier}";
				PRODUCT_NAME = "$(TARGET_NAME)";
				PROVISIONING_PROFILE = "";
				PROVISIONING_PROFILE_SPECIFIER = "";
				SWIFT_OBJC_INTERFACE_HEADER_NAME = "UPR-Swift.h";
				WRAPPER_EXTENSION = app;
			};
			name = Release;
		};
/* End XCBuildConfiguration section */

/* Begin XCConfigurationList section */
		B3C968D31AB20B44000819E0 /* Build configuration list for PBXNativeTarget "Universal Presenter Remote WatchKit App" */ = {
			isa = XCConfigurationList;
			buildConfigurations = (
				B3C968D11AB20B44000819E0 /* Debug */,
				B3C968D21AB20B44000819E0 /* Release */,
			);
			defaultConfigurationIsVisible = 0;
			defaultConfigurationName = Release;
		};
		ED70D5E118FF17E0007B4C18 /* Build configuration list for PBXProject "Universal Presenter Remote" */ = {
			isa = XCConfigurationList;
			buildConfigurations = (
				ED70D61018FF17E1007B4C18 /* Debug */,
				ED70D61118FF17E1007B4C18 /* Release */,
			);
			defaultConfigurationIsVisible = 0;
			defaultConfigurationName = Release;
		};
		ED70D61218FF17E1007B4C18 /* Build configuration list for PBXNativeTarget "Universal Presenter Remote" */ = {
			isa = XCConfigurationList;
			buildConfigurations = (
				ED70D61318FF17E1007B4C18 /* Debug */,
				ED70D61418FF17E1007B4C18 /* Release */,
			);
			defaultConfigurationIsVisible = 0;
			defaultConfigurationName = Release;
		};
/* End XCConfigurationList section */
	};
	rootObject = ED70D5DE18FF17E0007B4C18 /* Project object */;
}
