// !$*UTF8*$!
{
	archiveVersion = 1;
	classes = {
	};
	objectVersion = 46;
	objects = {

/* Begin PBXBuildFile section */
		B3063AEB1AB655E500285BE4 /* DBZ_WKLoginView.m in Sources */ = {isa = PBXBuildFile; fileRef = B3063AEA1AB655E500285BE4 /* DBZ_WKLoginView.m */; };
		B3063AEE1AB6560300285BE4 /* DBZ_WKControlView.m in Sources */ = {isa = PBXBuildFile; fileRef = B3063AED1AB6560300285BE4 /* DBZ_WKControlView.m */; };
		B318D1531A097829002F59AB /* AdSupport.framework in Frameworks */ = {isa = PBXBuildFile; fileRef = B318D1521A097829002F59AB /* AdSupport.framework */; };
		B3257AC319B41E8D00CC471C /* CoreData.framework in Frameworks */ = {isa = PBXBuildFile; fileRef = B3257AC219B41E8D00CC471C /* CoreData.framework */; };
		B3257AC519B41E9B00CC471C /* SystemConfiguration.framework in Frameworks */ = {isa = PBXBuildFile; fileRef = B3257AC419B41E9B00CC471C /* SystemConfiguration.framework */; };
		B3257ACA19B423CC00CC471C /* libz.dylib in Frameworks */ = {isa = PBXBuildFile; fileRef = B3257AC619B41EA700CC471C /* libz.dylib */; };
		B32B67131AB7950D00D2C728 /* Unified.storyboard in Resources */ = {isa = PBXBuildFile; fileRef = B32B67151AB7950D00D2C728 /* Unified.storyboard */; };
		B34E227119AD41290001127D /* Images.xcassets in Resources */ = {isa = PBXBuildFile; fileRef = ED70D5FB18FF17E0007B4C18 /* Images.xcassets */; };
		B34E227319AD5B4F0001127D /* Batman.ttf in Resources */ = {isa = PBXBuildFile; fileRef = B34E227219AD5B4F0001127D /* Batman.ttf */; };
		B357A5DD190453D500CCECB6 /* DBZ_InfoView.m in Sources */ = {isa = PBXBuildFile; fileRef = B357A5DC190453D500CCECB6 /* DBZ_InfoView.m */; };
		B362B6131AC5E25C00F2BBAE /* Batman.ttf in Resources */ = {isa = PBXBuildFile; fileRef = B34E227219AD5B4F0001127D /* Batman.ttf */; };
		B362B6141AC5E26700F2BBAE /* Batman.ttf in Resources */ = {isa = PBXBuildFile; fileRef = B34E227219AD5B4F0001127D /* Batman.ttf */; };
		B36A1DE31AB7672B00A6A956 /* PushNotificationPayloadOld.apns in Resources */ = {isa = PBXBuildFile; fileRef = B36A1DE21AB7672B00A6A956 /* PushNotificationPayloadOld.apns */; };
		B36F79B71ADDBB6800CACFE5 /* GoogleAnalytics in Resources */ = {isa = PBXBuildFile; fileRef = B36F79B61ADDBB6800CACFE5 /* GoogleAnalytics */; };
		B36F79D01ADDBC1800CACFE5 /* GAI.h in Frameworks */ = {isa = PBXBuildFile; fileRef = B36F79BB1ADDBBD100CACFE5 /* GAI.h */; };
		B36F79D11ADDBC1800CACFE5 /* GAIDictionaryBuilder.h in Frameworks */ = {isa = PBXBuildFile; fileRef = B36F79BC1ADDBBD100CACFE5 /* GAIDictionaryBuilder.h */; };
		B36F79D21ADDBC1800CACFE5 /* GAIEcommerceFields.h in Frameworks */ = {isa = PBXBuildFile; fileRef = B36F79BD1ADDBBD100CACFE5 /* GAIEcommerceFields.h */; };
		B36F79D31ADDBC1800CACFE5 /* GAIEcommerceProduct.h in Frameworks */ = {isa = PBXBuildFile; fileRef = B36F79BE1ADDBBD100CACFE5 /* GAIEcommerceProduct.h */; };
		B36F79D41ADDBC1800CACFE5 /* GAIEcommerceProductAction.h in Frameworks */ = {isa = PBXBuildFile; fileRef = B36F79BF1ADDBBD200CACFE5 /* GAIEcommerceProductAction.h */; };
		B36F79D51ADDBC1800CACFE5 /* GAIEcommercePromotion.h in Frameworks */ = {isa = PBXBuildFile; fileRef = B36F79C01ADDBBD200CACFE5 /* GAIEcommercePromotion.h */; };
		B36F79D61ADDBC1800CACFE5 /* GAIFields.h in Frameworks */ = {isa = PBXBuildFile; fileRef = B36F79C11ADDBBD200CACFE5 /* GAIFields.h */; };
		B36F79D71ADDBC1800CACFE5 /* GAILogger.h in Frameworks */ = {isa = PBXBuildFile; fileRef = B36F79C21ADDBBD200CACFE5 /* GAILogger.h */; };
		B36F79D81ADDBC1800CACFE5 /* GAITrackedViewController.h in Frameworks */ = {isa = PBXBuildFile; fileRef = B36F79C31ADDBBD200CACFE5 /* GAITrackedViewController.h */; };
		B36F79D91ADDBC1800CACFE5 /* GAITracker.h in Frameworks */ = {isa = PBXBuildFile; fileRef = B36F79C41ADDBBD200CACFE5 /* GAITracker.h */; };
		B36F79DA1ADDBC1800CACFE5 /* libAdIdAccess.a in Frameworks */ = {isa = PBXBuildFile; fileRef = B36F79AE1ADDB92200CACFE5 /* libAdIdAccess.a */; };
		B36F79DB1ADDBC1800CACFE5 /* libGoogleAnalyticsServices.a in Frameworks */ = {isa = PBXBuildFile; fileRef = B36F79B91ADDBB8D00CACFE5 /* libGoogleAnalyticsServices.a */; };
		B3A99A2A19D203E9002BBBA5 /* LaunchScreen.storyboard in Resources */ = {isa = PBXBuildFile; fileRef = B3A99A2919D203E9002BBBA5 /* LaunchScreen.storyboard */; };
		B3C820E71AB627E000CD3438 /* MMWormhole.m in Sources */ = {isa = PBXBuildFile; fileRef = B3C820E61AB627E000CD3438 /* MMWormhole.m */; };
		B3C820E81AB627E000CD3438 /* MMWormhole.m in Sources */ = {isa = PBXBuildFile; fileRef = B3C820E61AB627E000CD3438 /* MMWormhole.m */; };
		B3C968BB1AB20B44000819E0 /* NotificationController.swift in Sources */ = {isa = PBXBuildFile; fileRef = B3C968BA1AB20B44000819E0 /* NotificationController.swift */; };
		B3C968BD1AB20B44000819E0 /* Images.xcassets in Resources */ = {isa = PBXBuildFile; fileRef = B3C968BC1AB20B44000819E0 /* Images.xcassets */; };
		B3C968C11AB20B44000819E0 /* Universal Presenter Remote WatchKit App.app in Resources */ = {isa = PBXBuildFile; fileRef = B3C968C01AB20B44000819E0 /* Universal Presenter Remote WatchKit App.app */; };
		B3C968C91AB20B44000819E0 /* Interface.storyboard in Resources */ = {isa = PBXBuildFile; fileRef = B3C968C71AB20B44000819E0 /* Interface.storyboard */; };
		B3C968CB1AB20B44000819E0 /* Images.xcassets in Resources */ = {isa = PBXBuildFile; fileRef = B3C968CA1AB20B44000819E0 /* Images.xcassets */; };
		B3C968CE1AB20B44000819E0 /* Universal Presenter Remote WatchKit Extension.appex in Embed App Extensions */ = {isa = PBXBuildFile; fileRef = B3C968B31AB20B44000819E0 /* Universal Presenter Remote WatchKit Extension.appex */; settings = {ATTRIBUTES = (RemoveHeadersOnCopy, ); }; };
		B3CBFA5019B80AD100FF6837 /* DBZ_SettingsView.m in Sources */ = {isa = PBXBuildFile; fileRef = B3CBFA4F19B80AD100FF6837 /* DBZ_SettingsView.m */; };
		B3E35D181A094B1D0099DCD4 /* DBZ_QRVeiw.swift in Sources */ = {isa = PBXBuildFile; fileRef = B3E35D171A094B1D0099DCD4 /* DBZ_QRVeiw.swift */; };
		B3E35D1B1A094D530099DCD4 /* igViewController.m in Sources */ = {isa = PBXBuildFile; fileRef = B3E35D1A1A094D530099DCD4 /* igViewController.m */; };
		ED282332190068010030B9C4 /* DBZ_ControlView.m in Sources */ = {isa = PBXBuildFile; fileRef = ED282331190068010030B9C4 /* DBZ_ControlView.m */; };
		ED28233519006BF50030B9C4 /* DBZ_ServerCommunication.m in Sources */ = {isa = PBXBuildFile; fileRef = ED28233419006BF50030B9C4 /* DBZ_ServerCommunication.m */; };
		ED35B95E1901BC830074B424 /* iAd.framework in Frameworks */ = {isa = PBXBuildFile; fileRef = ED35B95D1901BC830074B424 /* iAd.framework */; };
		ED70D5EA18FF17E0007B4C18 /* Foundation.framework in Frameworks */ = {isa = PBXBuildFile; fileRef = ED70D5E918FF17E0007B4C18 /* Foundation.framework */; };
		ED70D5EC18FF17E0007B4C18 /* CoreGraphics.framework in Frameworks */ = {isa = PBXBuildFile; fileRef = ED70D5EB18FF17E0007B4C18 /* CoreGraphics.framework */; };
		ED70D5EE18FF17E0007B4C18 /* UIKit.framework in Frameworks */ = {isa = PBXBuildFile; fileRef = ED70D5ED18FF17E0007B4C18 /* UIKit.framework */; };
		ED70D5F418FF17E0007B4C18 /* InfoPlist.strings in Resources */ = {isa = PBXBuildFile; fileRef = ED70D5F218FF17E0007B4C18 /* InfoPlist.strings */; };
		ED70D5F618FF17E0007B4C18 /* main.m in Sources */ = {isa = PBXBuildFile; fileRef = ED70D5F518FF17E0007B4C18 /* main.m */; };
		ED70D5FA18FF17E0007B4C18 /* DBZ_AppDelegate.m in Sources */ = {isa = PBXBuildFile; fileRef = ED70D5F918FF17E0007B4C18 /* DBZ_AppDelegate.m */; };
		ED70D60318FF17E1007B4C18 /* XCTest.framework in Frameworks */ = {isa = PBXBuildFile; fileRef = ED70D60218FF17E1007B4C18 /* XCTest.framework */; };
		ED70D60418FF17E1007B4C18 /* Foundation.framework in Frameworks */ = {isa = PBXBuildFile; fileRef = ED70D5E918FF17E0007B4C18 /* Foundation.framework */; };
		ED70D60518FF17E1007B4C18 /* UIKit.framework in Frameworks */ = {isa = PBXBuildFile; fileRef = ED70D5ED18FF17E0007B4C18 /* UIKit.framework */; };
		ED70D60D18FF17E1007B4C18 /* InfoPlist.strings in Resources */ = {isa = PBXBuildFile; fileRef = ED70D60B18FF17E1007B4C18 /* InfoPlist.strings */; };
		ED70D60F18FF17E1007B4C18 /* Universal_Presenter_RemoteTests.m in Sources */ = {isa = PBXBuildFile; fileRef = ED70D60E18FF17E1007B4C18 /* Universal_Presenter_RemoteTests.m */; };
		ED70D62218FF1979007B4C18 /* DBZ_LoginView.m in Sources */ = {isa = PBXBuildFile; fileRef = ED70D62118FF1979007B4C18 /* DBZ_LoginView.m */; };
/* End PBXBuildFile section */

/* Begin PBXContainerItemProxy section */
		B3C968C21AB20B44000819E0 /* PBXContainerItemProxy */ = {
			isa = PBXContainerItemProxy;
			containerPortal = ED70D5DE18FF17E0007B4C18 /* Project object */;
			proxyType = 1;
			remoteGlobalIDString = B3C968BF1AB20B44000819E0;
			remoteInfo = "Universal Presenter Remote WatchKit App";
		};
		B3C968CC1AB20B44000819E0 /* PBXContainerItemProxy */ = {
			isa = PBXContainerItemProxy;
			containerPortal = ED70D5DE18FF17E0007B4C18 /* Project object */;
			proxyType = 1;
			remoteGlobalIDString = B3C968B21AB20B44000819E0;
			remoteInfo = "Universal Presenter Remote WatchKit Extension";
		};
		ED70D60618FF17E1007B4C18 /* PBXContainerItemProxy */ = {
			isa = PBXContainerItemProxy;
			containerPortal = ED70D5DE18FF17E0007B4C18 /* Project object */;
			proxyType = 1;
			remoteGlobalIDString = ED70D5E518FF17E0007B4C18;
			remoteInfo = "Universal Presenter Remote";
		};
/* End PBXContainerItemProxy section */

/* Begin PBXCopyFilesBuildPhase section */
		B3C968D51AB20B44000819E0 /* Embed App Extensions */ = {
			isa = PBXCopyFilesBuildPhase;
			buildActionMask = 2147483647;
			dstPath = "";
			dstSubfolderSpec = 13;
			files = (
				B3C968CE1AB20B44000819E0 /* Universal Presenter Remote WatchKit Extension.appex in Embed App Extensions */,
			);
			name = "Embed App Extensions";
			runOnlyForDeploymentPostprocessing = 0;
		};
/* End PBXCopyFilesBuildPhase section */

/* Begin PBXFileReference section */
		B3063AE81AB635B100285BE4 /* Universal Presenter Remote WatchKit Extension.entitlements */ = {isa = PBXFileReference; lastKnownFileType = text.xml; path = "Universal Presenter Remote WatchKit Extension.entitlements"; sourceTree = "<group>"; };
		B3063AE91AB655E500285BE4 /* DBZ_WKLoginView.h */ = {isa = PBXFileReference; fileEncoding = 4; lastKnownFileType = sourcecode.c.h; path = DBZ_WKLoginView.h; sourceTree = "<group>"; };
		B3063AEA1AB655E500285BE4 /* DBZ_WKLoginView.m */ = {isa = PBXFileReference; fileEncoding = 4; lastKnownFileType = sourcecode.c.objc; path = DBZ_WKLoginView.m; sourceTree = "<group>"; };
		B3063AEC1AB6560300285BE4 /* DBZ_WKControlView.h */ = {isa = PBXFileReference; fileEncoding = 4; lastKnownFileType = sourcecode.c.h; path = DBZ_WKControlView.h; sourceTree = "<group>"; };
		B3063AED1AB6560300285BE4 /* DBZ_WKControlView.m */ = {isa = PBXFileReference; fileEncoding = 4; lastKnownFileType = sourcecode.c.objc; path = DBZ_WKControlView.m; sourceTree = "<group>"; };
		B318D1521A097829002F59AB /* AdSupport.framework */ = {isa = PBXFileReference; lastKnownFileType = wrapper.framework; name = AdSupport.framework; path = System/Library/Frameworks/AdSupport.framework; sourceTree = SDKROOT; };
		B3257AC219B41E8D00CC471C /* CoreData.framework */ = {isa = PBXFileReference; lastKnownFileType = wrapper.framework; name = CoreData.framework; path = System/Library/Frameworks/CoreData.framework; sourceTree = SDKROOT; };
		B3257AC419B41E9B00CC471C /* SystemConfiguration.framework */ = {isa = PBXFileReference; lastKnownFileType = wrapper.framework; name = SystemConfiguration.framework; path = System/Library/Frameworks/SystemConfiguration.framework; sourceTree = SDKROOT; };
		B3257AC619B41EA700CC471C /* libz.dylib */ = {isa = PBXFileReference; lastKnownFileType = "compiled.mach-o.dylib"; name = libz.dylib; path = usr/lib/libz.dylib; sourceTree = SDKROOT; };
		B3257ACD19B424C200CC471C /* libsqlite3.0.dylib */ = {isa = PBXFileReference; lastKnownFileType = "compiled.mach-o.dylib"; name = libsqlite3.0.dylib; path = usr/lib/libsqlite3.0.dylib; sourceTree = SDKROOT; };
		B32B67141AB7950D00D2C728 /* en */ = {isa = PBXFileReference; lastKnownFileType = file.storyboard; name = en; path = en.lproj/Unified.storyboard; sourceTree = "<group>"; };
		B32B67161AB7951800D2C728 /* Base */ = {isa = PBXFileReference; lastKnownFileType = file.storyboard; name = Base; path = Base.lproj/Unified.storyboard; sourceTree = "<group>"; };
		B34E227219AD5B4F0001127D /* Batman.ttf */ = {isa = PBXFileReference; lastKnownFileType = file; path = Batman.ttf; sourceTree = "<group>"; };
		B34E227419AD629D0001127D /* Universal Presenter Remote.entitlements */ = {isa = PBXFileReference; lastKnownFileType = text.xml; path = "Universal Presenter Remote.entitlements"; sourceTree = "<group>"; };
		B357A5DB190453D500CCECB6 /* DBZ_InfoView.h */ = {isa = PBXFileReference; fileEncoding = 4; lastKnownFileType = sourcecode.c.h; path = DBZ_InfoView.h; sourceTree = "<group>"; };
		B357A5DC190453D500CCECB6 /* DBZ_InfoView.m */ = {isa = PBXFileReference; fileEncoding = 4; lastKnownFileType = sourcecode.c.objc; path = DBZ_InfoView.m; sourceTree = "<group>"; };
		B36A1DE21AB7672B00A6A956 /* PushNotificationPayloadOld.apns */ = {isa = PBXFileReference; fileEncoding = 4; lastKnownFileType = text; path = PushNotificationPayloadOld.apns; sourceTree = "<group>"; };
		B36F79AE1ADDB92200CACFE5 /* libAdIdAccess.a */ = {isa = PBXFileReference; lastKnownFileType = archive.ar; name = libAdIdAccess.a; path = "Universal Presenter Remote/GoogleAnalytics/libAdIdAccess.a"; sourceTree = "<group>"; };
		B36F79B21ADDBAE200CACFE5 /* libAdIdAccess.a */ = {isa = PBXFileReference; lastKnownFileType = archive.ar; name = libAdIdAccess.a; path = "Universal Presenter Remote/GoogleAnalyticsServicesiOS_3.10/libAdIdAccess.a"; sourceTree = "<group>"; };
		B36F79B31ADDBAE200CACFE5 /* libGoogleAnalyticsServices.a */ = {isa = PBXFileReference; lastKnownFileType = archive.ar; name = libGoogleAnalyticsServices.a; path = "Universal Presenter Remote/GoogleAnalyticsServicesiOS_3.10/libGoogleAnalyticsServices.a"; sourceTree = "<group>"; };
		B36F79B61ADDBB6800CACFE5 /* GoogleAnalytics */ = {isa = PBXFileReference; lastKnownFileType = folder; path = GoogleAnalytics; sourceTree = "<group>"; };
		B36F79B91ADDBB8D00CACFE5 /* libGoogleAnalyticsServices.a */ = {isa = PBXFileReference; lastKnownFileType = archive.ar; name = libGoogleAnalyticsServices.a; path = "Universal Presenter Remote/GoogleAnalytics/libGoogleAnalyticsServices.a"; sourceTree = "<group>"; };
		B36F79BB1ADDBBD100CACFE5 /* GAI.h */ = {isa = PBXFileReference; lastKnownFileType = sourcecode.c.h; name = GAI.h; path = "Universal Presenter Remote/GoogleAnalytics/GAI.h"; sourceTree = "<group>"; };
		B36F79BC1ADDBBD100CACFE5 /* GAIDictionaryBuilder.h */ = {isa = PBXFileReference; lastKnownFileType = sourcecode.c.h; name = GAIDictionaryBuilder.h; path = "Universal Presenter Remote/GoogleAnalytics/GAIDictionaryBuilder.h"; sourceTree = "<group>"; };
		B36F79BD1ADDBBD100CACFE5 /* GAIEcommerceFields.h */ = {isa = PBXFileReference; lastKnownFileType = sourcecode.c.h; name = GAIEcommerceFields.h; path = "Universal Presenter Remote/GoogleAnalytics/GAIEcommerceFields.h"; sourceTree = "<group>"; };
		B36F79BE1ADDBBD100CACFE5 /* GAIEcommerceProduct.h */ = {isa = PBXFileReference; lastKnownFileType = sourcecode.c.h; name = GAIEcommerceProduct.h; path = "Universal Presenter Remote/GoogleAnalytics/GAIEcommerceProduct.h"; sourceTree = "<group>"; };
		B36F79BF1ADDBBD200CACFE5 /* GAIEcommerceProductAction.h */ = {isa = PBXFileReference; lastKnownFileType = sourcecode.c.h; name = GAIEcommerceProductAction.h; path = "Universal Presenter Remote/GoogleAnalytics/GAIEcommerceProductAction.h"; sourceTree = "<group>"; };
		B36F79C01ADDBBD200CACFE5 /* GAIEcommercePromotion.h */ = {isa = PBXFileReference; lastKnownFileType = sourcecode.c.h; name = GAIEcommercePromotion.h; path = "Universal Presenter Remote/GoogleAnalytics/GAIEcommercePromotion.h"; sourceTree = "<group>"; };
		B36F79C11ADDBBD200CACFE5 /* GAIFields.h */ = {isa = PBXFileReference; lastKnownFileType = sourcecode.c.h; name = GAIFields.h; path = "Universal Presenter Remote/GoogleAnalytics/GAIFields.h"; sourceTree = "<group>"; };
		B36F79C21ADDBBD200CACFE5 /* GAILogger.h */ = {isa = PBXFileReference; lastKnownFileType = sourcecode.c.h; name = GAILogger.h; path = "Universal Presenter Remote/GoogleAnalytics/GAILogger.h"; sourceTree = "<group>"; };
		B36F79C31ADDBBD200CACFE5 /* GAITrackedViewController.h */ = {isa = PBXFileReference; lastKnownFileType = sourcecode.c.h; name = GAITrackedViewController.h; path = "Universal Presenter Remote/GoogleAnalytics/GAITrackedViewController.h"; sourceTree = "<group>"; };
		B36F79C41ADDBBD200CACFE5 /* GAITracker.h */ = {isa = PBXFileReference; lastKnownFileType = sourcecode.c.h; name = GAITracker.h; path = "Universal Presenter Remote/GoogleAnalytics/GAITracker.h"; sourceTree = "<group>"; };
		B3A99A2919D203E9002BBBA5 /* LaunchScreen.storyboard */ = {isa = PBXFileReference; fileEncoding = 4; lastKnownFileType = file.storyboard; path = LaunchScreen.storyboard; sourceTree = "<group>"; };
		B3C820E51AB627E000CD3438 /* MMWormhole.h */ = {isa = PBXFileReference; fileEncoding = 4; lastKnownFileType = sourcecode.c.h; path = MMWormhole.h; sourceTree = "<group>"; };
		B3C820E61AB627E000CD3438 /* MMWormhole.m */ = {isa = PBXFileReference; fileEncoding = 4; lastKnownFileType = sourcecode.c.objc; path = MMWormhole.m; sourceTree = "<group>"; };
		B3C968B31AB20B44000819E0 /* Universal Presenter Remote WatchKit Extension.appex */ = {isa = PBXFileReference; explicitFileType = "wrapper.app-extension"; includeInIndex = 0; path = "Universal Presenter Remote WatchKit Extension.appex"; sourceTree = BUILT_PRODUCTS_DIR; };
		B3C968B61AB20B44000819E0 /* Info.plist */ = {isa = PBXFileReference; lastKnownFileType = text.plist.xml; path = Info.plist; sourceTree = "<group>"; };
		B3C968B71AB20B44000819E0 /* PushNotificationPayload.apns */ = {isa = PBXFileReference; lastKnownFileType = text; path = PushNotificationPayload.apns; sourceTree = "<group>"; };
		B3C968BA1AB20B44000819E0 /* NotificationController.swift */ = {isa = PBXFileReference; lastKnownFileType = sourcecode.swift; path = NotificationController.swift; sourceTree = "<group>"; };
		B3C968BC1AB20B44000819E0 /* Images.xcassets */ = {isa = PBXFileReference; lastKnownFileType = folder.assetcatalog; path = Images.xcassets; sourceTree = "<group>"; };
		B3C968C01AB20B44000819E0 /* Universal Presenter Remote WatchKit App.app */ = {isa = PBXFileReference; explicitFileType = wrapper.application; includeInIndex = 0; path = "Universal Presenter Remote WatchKit App.app"; sourceTree = BUILT_PRODUCTS_DIR; };
		B3C968C61AB20B44000819E0 /* Info.plist */ = {isa = PBXFileReference; lastKnownFileType = text.plist.xml; path = Info.plist; sourceTree = "<group>"; };
		B3C968C81AB20B44000819E0 /* Base */ = {isa = PBXFileReference; lastKnownFileType = file.storyboard; name = Base; path = Base.lproj/Interface.storyboard; sourceTree = "<group>"; };
		B3C968CA1AB20B44000819E0 /* Images.xcassets */ = {isa = PBXFileReference; lastKnownFileType = folder.assetcatalog; path = Images.xcassets; sourceTree = "<group>"; };
		B3CBFA4E19B80AD100FF6837 /* DBZ_SettingsView.h */ = {isa = PBXFileReference; fileEncoding = 4; lastKnownFileType = sourcecode.c.h; path = DBZ_SettingsView.h; sourceTree = "<group>"; };
		B3CBFA4F19B80AD100FF6837 /* DBZ_SettingsView.m */ = {isa = PBXFileReference; fileEncoding = 4; lastKnownFileType = sourcecode.c.objc; path = DBZ_SettingsView.m; sourceTree = "<group>"; };
		B3E35D141A094ABA0099DCD4 /* Universal Presenter Remote-Bridging-Header.h */ = {isa = PBXFileReference; lastKnownFileType = sourcecode.c.h; name = "Universal Presenter Remote-Bridging-Header.h"; path = "Universal Presenter Remote/Universal Presenter Remote-Bridging-Header.h"; sourceTree = "<group>"; };
		B3E35D171A094B1D0099DCD4 /* DBZ_QRVeiw.swift */ = {isa = PBXFileReference; fileEncoding = 4; lastKnownFileType = sourcecode.swift; path = DBZ_QRVeiw.swift; sourceTree = "<group>"; };
		B3E35D191A094D530099DCD4 /* igViewController.h */ = {isa = PBXFileReference; fileEncoding = 4; lastKnownFileType = sourcecode.c.h; path = igViewController.h; sourceTree = "<group>"; };
		B3E35D1A1A094D530099DCD4 /* igViewController.m */ = {isa = PBXFileReference; fileEncoding = 4; lastKnownFileType = sourcecode.c.objc; path = igViewController.m; sourceTree = "<group>"; };
		ED282330190068010030B9C4 /* DBZ_ControlView.h */ = {isa = PBXFileReference; fileEncoding = 4; lastKnownFileType = sourcecode.c.h; path = DBZ_ControlView.h; sourceTree = "<group>"; };
		ED282331190068010030B9C4 /* DBZ_ControlView.m */ = {isa = PBXFileReference; fileEncoding = 4; lastKnownFileType = sourcecode.c.objc; path = DBZ_ControlView.m; sourceTree = "<group>"; };
		ED28233319006BF50030B9C4 /* DBZ_ServerCommunication.h */ = {isa = PBXFileReference; fileEncoding = 4; lastKnownFileType = sourcecode.c.h; path = DBZ_ServerCommunication.h; sourceTree = "<group>"; };
		ED28233419006BF50030B9C4 /* DBZ_ServerCommunication.m */ = {isa = PBXFileReference; fileEncoding = 4; lastKnownFileType = sourcecode.c.objc; path = DBZ_ServerCommunication.m; sourceTree = "<group>"; };
		ED35B95D1901BC830074B424 /* iAd.framework */ = {isa = PBXFileReference; lastKnownFileType = wrapper.framework; name = iAd.framework; path = System/Library/Frameworks/iAd.framework; sourceTree = SDKROOT; };
		ED70D5E618FF17E0007B4C18 /* Universal Presenter Remote.app */ = {isa = PBXFileReference; explicitFileType = wrapper.application; includeInIndex = 0; path = "Universal Presenter Remote.app"; sourceTree = BUILT_PRODUCTS_DIR; };
		ED70D5E918FF17E0007B4C18 /* Foundation.framework */ = {isa = PBXFileReference; lastKnownFileType = wrapper.framework; name = Foundation.framework; path = System/Library/Frameworks/Foundation.framework; sourceTree = SDKROOT; };
		ED70D5EB18FF17E0007B4C18 /* CoreGraphics.framework */ = {isa = PBXFileReference; lastKnownFileType = wrapper.framework; name = CoreGraphics.framework; path = System/Library/Frameworks/CoreGraphics.framework; sourceTree = SDKROOT; };
		ED70D5ED18FF17E0007B4C18 /* UIKit.framework */ = {isa = PBXFileReference; lastKnownFileType = wrapper.framework; name = UIKit.framework; path = System/Library/Frameworks/UIKit.framework; sourceTree = SDKROOT; };
		ED70D5F118FF17E0007B4C18 /* Universal Presenter Remote-Info.plist */ = {isa = PBXFileReference; lastKnownFileType = text.plist.xml; path = "Universal Presenter Remote-Info.plist"; sourceTree = "<group>"; };
		ED70D5F318FF17E0007B4C18 /* en */ = {isa = PBXFileReference; lastKnownFileType = text.plist.strings; name = en; path = en.lproj/InfoPlist.strings; sourceTree = "<group>"; };
		ED70D5F518FF17E0007B4C18 /* main.m */ = {isa = PBXFileReference; lastKnownFileType = sourcecode.c.objc; path = main.m; sourceTree = "<group>"; };
		ED70D5F718FF17E0007B4C18 /* Universal Presenter Remote-Prefix.pch */ = {isa = PBXFileReference; lastKnownFileType = sourcecode.c.h; path = "Universal Presenter Remote-Prefix.pch"; sourceTree = "<group>"; };
		ED70D5F818FF17E0007B4C18 /* DBZ_AppDelegate.h */ = {isa = PBXFileReference; lastKnownFileType = sourcecode.c.h; path = DBZ_AppDelegate.h; sourceTree = "<group>"; };
		ED70D5F918FF17E0007B4C18 /* DBZ_AppDelegate.m */ = {isa = PBXFileReference; lastKnownFileType = sourcecode.c.objc; path = DBZ_AppDelegate.m; sourceTree = "<group>"; };
		ED70D5FB18FF17E0007B4C18 /* Images.xcassets */ = {isa = PBXFileReference; lastKnownFileType = folder.assetcatalog; path = Images.xcassets; sourceTree = "<group>"; };
		ED70D60118FF17E1007B4C18 /* Universal Presenter RemoteTests.xctest */ = {isa = PBXFileReference; explicitFileType = wrapper.cfbundle; includeInIndex = 0; path = "Universal Presenter RemoteTests.xctest"; sourceTree = BUILT_PRODUCTS_DIR; };
		ED70D60218FF17E1007B4C18 /* XCTest.framework */ = {isa = PBXFileReference; lastKnownFileType = wrapper.framework; name = XCTest.framework; path = Library/Frameworks/XCTest.framework; sourceTree = DEVELOPER_DIR; };
		ED70D60A18FF17E1007B4C18 /* Universal Presenter RemoteTests-Info.plist */ = {isa = PBXFileReference; lastKnownFileType = text.plist.xml; path = "Universal Presenter RemoteTests-Info.plist"; sourceTree = "<group>"; };
		ED70D60C18FF17E1007B4C18 /* en */ = {isa = PBXFileReference; lastKnownFileType = text.plist.strings; name = en; path = en.lproj/InfoPlist.strings; sourceTree = "<group>"; };
		ED70D60E18FF17E1007B4C18 /* Universal_Presenter_RemoteTests.m */ = {isa = PBXFileReference; lastKnownFileType = sourcecode.c.objc; path = Universal_Presenter_RemoteTests.m; sourceTree = "<group>"; };
		ED70D62018FF1979007B4C18 /* DBZ_LoginView.h */ = {isa = PBXFileReference; fileEncoding = 4; lastKnownFileType = sourcecode.c.h; path = DBZ_LoginView.h; sourceTree = "<group>"; };
		ED70D62118FF1979007B4C18 /* DBZ_LoginView.m */ = {isa = PBXFileReference; fileEncoding = 4; lastKnownFileType = sourcecode.c.objc; path = DBZ_LoginView.m; sourceTree = "<group>"; };
/* End PBXFileReference section */

/* Begin PBXFrameworksBuildPhase section */
		B3C968B01AB20B44000819E0 /* Frameworks */ = {
			isa = PBXFrameworksBuildPhase;
			buildActionMask = 2147483647;
			files = (
			);
			runOnlyForDeploymentPostprocessing = 0;
		};
		ED70D5E318FF17E0007B4C18 /* Frameworks */ = {
			isa = PBXFrameworksBuildPhase;
			buildActionMask = 2147483647;
			files = (
				B36F79D01ADDBC1800CACFE5 /* GAI.h in Frameworks */,
				B36F79D11ADDBC1800CACFE5 /* GAIDictionaryBuilder.h in Frameworks */,
				B36F79D21ADDBC1800CACFE5 /* GAIEcommerceFields.h in Frameworks */,
				B36F79D31ADDBC1800CACFE5 /* GAIEcommerceProduct.h in Frameworks */,
				B36F79D41ADDBC1800CACFE5 /* GAIEcommerceProductAction.h in Frameworks */,
				B36F79D51ADDBC1800CACFE5 /* GAIEcommercePromotion.h in Frameworks */,
				B36F79D61ADDBC1800CACFE5 /* GAIFields.h in Frameworks */,
				B36F79D71ADDBC1800CACFE5 /* GAILogger.h in Frameworks */,
				B36F79D81ADDBC1800CACFE5 /* GAITrackedViewController.h in Frameworks */,
				B36F79D91ADDBC1800CACFE5 /* GAITracker.h in Frameworks */,
				B36F79DA1ADDBC1800CACFE5 /* libAdIdAccess.a in Frameworks */,
				B36F79DB1ADDBC1800CACFE5 /* libGoogleAnalyticsServices.a in Frameworks */,
				B318D1531A097829002F59AB /* AdSupport.framework in Frameworks */,
				B3257ACA19B423CC00CC471C /* libz.dylib in Frameworks */,
				B3257AC519B41E9B00CC471C /* SystemConfiguration.framework in Frameworks */,
				B3257AC319B41E8D00CC471C /* CoreData.framework in Frameworks */,
				ED35B95E1901BC830074B424 /* iAd.framework in Frameworks */,
				ED70D5EC18FF17E0007B4C18 /* CoreGraphics.framework in Frameworks */,
				ED70D5EE18FF17E0007B4C18 /* UIKit.framework in Frameworks */,
				ED70D5EA18FF17E0007B4C18 /* Foundation.framework in Frameworks */,
			);
			runOnlyForDeploymentPostprocessing = 0;
		};
		ED70D5FE18FF17E1007B4C18 /* Frameworks */ = {
			isa = PBXFrameworksBuildPhase;
			buildActionMask = 2147483647;
			files = (
				ED70D60318FF17E1007B4C18 /* XCTest.framework in Frameworks */,
				ED70D60518FF17E1007B4C18 /* UIKit.framework in Frameworks */,
				ED70D60418FF17E1007B4C18 /* Foundation.framework in Frameworks */,
			);
			runOnlyForDeploymentPostprocessing = 0;
		};
/* End PBXFrameworksBuildPhase section */

/* Begin PBXGroup section */
		B3A5D5241AB221C20071A5A3 /* WatchApp */ = {
			isa = PBXGroup;
			children = (
				B3063AE91AB655E500285BE4 /* DBZ_WKLoginView.h */,
				B3063AEA1AB655E500285BE4 /* DBZ_WKLoginView.m */,
				B3063AEC1AB6560300285BE4 /* DBZ_WKControlView.h */,
				B3063AED1AB6560300285BE4 /* DBZ_WKControlView.m */,
			);
			name = WatchApp;
			sourceTree = "<group>";
		};
		B3C820E41AB627E000CD3438 /* MMWormhole */ = {
			isa = PBXGroup;
			children = (
				B3C820E51AB627E000CD3438 /* MMWormhole.h */,
				B3C820E61AB627E000CD3438 /* MMWormhole.m */,
			);
			path = MMWormhole;
			sourceTree = "<group>";
		};
		B3C968B41AB20B44000819E0 /* Universal Presenter Remote WatchKit Extension */ = {
			isa = PBXGroup;
			children = (
				B3063AE81AB635B100285BE4 /* Universal Presenter Remote WatchKit Extension.entitlements */,
				B3A5D5241AB221C20071A5A3 /* WatchApp */,
				B3C968BA1AB20B44000819E0 /* NotificationController.swift */,
				B3C968BC1AB20B44000819E0 /* Images.xcassets */,
				B3C968B51AB20B44000819E0 /* Supporting Files */,
			);
			path = "Universal Presenter Remote WatchKit Extension";
			sourceTree = "<group>";
		};
		B3C968B51AB20B44000819E0 /* Supporting Files */ = {
			isa = PBXGroup;
			children = (
				B3C968B61AB20B44000819E0 /* Info.plist */,
				B3C968B71AB20B44000819E0 /* PushNotificationPayload.apns */,
				B36A1DE21AB7672B00A6A956 /* PushNotificationPayloadOld.apns */,
			);
			name = "Supporting Files";
			sourceTree = "<group>";
		};
		B3C968C41AB20B44000819E0 /* Universal Presenter Remote WatchKit App */ = {
			isa = PBXGroup;
			children = (
				B3C968C71AB20B44000819E0 /* Interface.storyboard */,
				B3C968CA1AB20B44000819E0 /* Images.xcassets */,
				B3C968C51AB20B44000819E0 /* Supporting Files */,
			);
			path = "Universal Presenter Remote WatchKit App";
			sourceTree = "<group>";
		};
		B3C968C51AB20B44000819E0 /* Supporting Files */ = {
			isa = PBXGroup;
			children = (
				B3C968C61AB20B44000819E0 /* Info.plist */,
			);
			name = "Supporting Files";
			sourceTree = "<group>";
		};
		ED282329190067AB0030B9C4 /* Classes */ = {
			isa = PBXGroup;
			children = (
				ED28233319006BF50030B9C4 /* DBZ_ServerCommunication.h */,
				ED28233419006BF50030B9C4 /* DBZ_ServerCommunication.m */,
			);
			name = Classes;
			sourceTree = "<group>";
		};
		ED70D5DD18FF17E0007B4C18 = {
			isa = PBXGroup;
			children = (
				B3E35D141A094ABA0099DCD4 /* Universal Presenter Remote-Bridging-Header.h */,
				ED70D5EF18FF17E0007B4C18 /* Universal Presenter Remote */,
				ED70D60818FF17E1007B4C18 /* Universal Presenter RemoteTests */,
				B3C968B41AB20B44000819E0 /* Universal Presenter Remote WatchKit Extension */,
				B3C968C41AB20B44000819E0 /* Universal Presenter Remote WatchKit App */,
				ED70D5E818FF17E0007B4C18 /* Frameworks */,
				ED70D5E718FF17E0007B4C18 /* Products */,
				B3C820E41AB627E000CD3438 /* MMWormhole */,
			);
			sourceTree = "<group>";
		};
		ED70D5E718FF17E0007B4C18 /* Products */ = {
			isa = PBXGroup;
			children = (
				ED70D5E618FF17E0007B4C18 /* Universal Presenter Remote.app */,
				ED70D60118FF17E1007B4C18 /* Universal Presenter RemoteTests.xctest */,
				B3C968B31AB20B44000819E0 /* Universal Presenter Remote WatchKit Extension.appex */,
				B3C968C01AB20B44000819E0 /* Universal Presenter Remote WatchKit App.app */,
			);
			name = Products;
			sourceTree = "<group>";
		};
		ED70D5E818FF17E0007B4C18 /* Frameworks */ = {
			isa = PBXGroup;
			children = (
				B36F79BB1ADDBBD100CACFE5 /* GAI.h */,
				B36F79BC1ADDBBD100CACFE5 /* GAIDictionaryBuilder.h */,
				B36F79BD1ADDBBD100CACFE5 /* GAIEcommerceFields.h */,
				B36F79BE1ADDBBD100CACFE5 /* GAIEcommerceProduct.h */,
				B36F79BF1ADDBBD200CACFE5 /* GAIEcommerceProductAction.h */,
				B36F79C01ADDBBD200CACFE5 /* GAIEcommercePromotion.h */,
				B36F79C11ADDBBD200CACFE5 /* GAIFields.h */,
				B36F79C21ADDBBD200CACFE5 /* GAILogger.h */,
				B36F79C31ADDBBD200CACFE5 /* GAITrackedViewController.h */,
				B36F79C41ADDBBD200CACFE5 /* GAITracker.h */,
				B36F79B91ADDBB8D00CACFE5 /* libGoogleAnalyticsServices.a */,
				B36F79B21ADDBAE200CACFE5 /* libAdIdAccess.a */,
				B36F79B31ADDBAE200CACFE5 /* libGoogleAnalyticsServices.a */,
				B36F79AE1ADDB92200CACFE5 /* libAdIdAccess.a */,
				B318D1521A097829002F59AB /* AdSupport.framework */,
				B3257ACD19B424C200CC471C /* libsqlite3.0.dylib */,
				B3257AC619B41EA700CC471C /* libz.dylib */,
				B3257AC419B41E9B00CC471C /* SystemConfiguration.framework */,
				B3257AC219B41E8D00CC471C /* CoreData.framework */,
				ED35B95D1901BC830074B424 /* iAd.framework */,
				ED70D5E918FF17E0007B4C18 /* Foundation.framework */,
				ED70D5EB18FF17E0007B4C18 /* CoreGraphics.framework */,
				ED70D5ED18FF17E0007B4C18 /* UIKit.framework */,
				ED70D60218FF17E1007B4C18 /* XCTest.framework */,
			);
			name = Frameworks;
			sourceTree = "<group>";
		};
		ED70D5EF18FF17E0007B4C18 /* Universal Presenter Remote */ = {
			isa = PBXGroup;
			children = (
				B34E227419AD629D0001127D /* Universal Presenter Remote.entitlements */,
				ED70D5F818FF17E0007B4C18 /* DBZ_AppDelegate.h */,
				ED70D5F918FF17E0007B4C18 /* DBZ_AppDelegate.m */,
				ED282329190067AB0030B9C4 /* Classes */,
				ED70D61F18FF192E007B4C18 /* View Controllers */,
				ED70D61C18FF182F007B4C18 /* Interface */,
				ED70D5FB18FF17E0007B4C18 /* Images.xcassets */,
				ED70D5F018FF17E0007B4C18 /* Supporting Files */,
			);
			path = "Universal Presenter Remote";
			sourceTree = "<group>";
		};
		ED70D5F018FF17E0007B4C18 /* Supporting Files */ = {
			isa = PBXGroup;
			children = (
				B36F79B61ADDBB6800CACFE5 /* GoogleAnalytics */,
				B34E227219AD5B4F0001127D /* Batman.ttf */,
				ED70D5F118FF17E0007B4C18 /* Universal Presenter Remote-Info.plist */,
				ED70D5F218FF17E0007B4C18 /* InfoPlist.strings */,
				ED70D5F518FF17E0007B4C18 /* main.m */,
				ED70D5F718FF17E0007B4C18 /* Universal Presenter Remote-Prefix.pch */,
			);
			name = "Supporting Files";
			sourceTree = "<group>";
		};
		ED70D60818FF17E1007B4C18 /* Universal Presenter RemoteTests */ = {
			isa = PBXGroup;
			children = (
				ED70D60E18FF17E1007B4C18 /* Universal_Presenter_RemoteTests.m */,
				ED70D60918FF17E1007B4C18 /* Supporting Files */,
			);
			path = "Universal Presenter RemoteTests";
			sourceTree = "<group>";
		};
		ED70D60918FF17E1007B4C18 /* Supporting Files */ = {
			isa = PBXGroup;
			children = (
				ED70D60A18FF17E1007B4C18 /* Universal Presenter RemoteTests-Info.plist */,
				ED70D60B18FF17E1007B4C18 /* InfoPlist.strings */,
			);
			name = "Supporting Files";
			sourceTree = "<group>";
		};
		ED70D61C18FF182F007B4C18 /* Interface */ = {
			isa = PBXGroup;
			children = (
				B32B67151AB7950D00D2C728 /* Unified.storyboard */,
				B3A99A2919D203E9002BBBA5 /* LaunchScreen.storyboard */,
			);
			name = Interface;
			sourceTree = "<group>";
		};
		ED70D61F18FF192E007B4C18 /* View Controllers */ = {
			isa = PBXGroup;
			children = (
				ED70D62018FF1979007B4C18 /* DBZ_LoginView.h */,
				ED70D62118FF1979007B4C18 /* DBZ_LoginView.m */,
				ED282330190068010030B9C4 /* DBZ_ControlView.h */,
				ED282331190068010030B9C4 /* DBZ_ControlView.m */,
				B357A5DB190453D500CCECB6 /* DBZ_InfoView.h */,
				B357A5DC190453D500CCECB6 /* DBZ_InfoView.m */,
				B3CBFA4E19B80AD100FF6837 /* DBZ_SettingsView.h */,
				B3CBFA4F19B80AD100FF6837 /* DBZ_SettingsView.m */,
				B3E35D171A094B1D0099DCD4 /* DBZ_QRVeiw.swift */,
				B3E35D191A094D530099DCD4 /* igViewController.h */,
				B3E35D1A1A094D530099DCD4 /* igViewController.m */,
			);
			name = "View Controllers";
			sourceTree = "<group>";
		};
/* End PBXGroup section */

/* Begin PBXNativeTarget section */
		B3C968B21AB20B44000819E0 /* Universal Presenter Remote WatchKit Extension */ = {
			isa = PBXNativeTarget;
			buildConfigurationList = B3C968D41AB20B44000819E0 /* Build configuration list for PBXNativeTarget "Universal Presenter Remote WatchKit Extension" */;
			buildPhases = (
				B3C968AF1AB20B44000819E0 /* Sources */,
				B3C968B01AB20B44000819E0 /* Frameworks */,
				B3C968B11AB20B44000819E0 /* Resources */,
			);
			buildRules = (
			);
			dependencies = (
				B3C968C31AB20B44000819E0 /* PBXTargetDependency */,
			);
			name = "Universal Presenter Remote WatchKit Extension";
			productName = "Universal Presenter Remote WatchKit Extension";
			productReference = B3C968B31AB20B44000819E0 /* Universal Presenter Remote WatchKit Extension.appex */;
			productType = "com.apple.product-type.watchkit-extension";
		};
		B3C968BF1AB20B44000819E0 /* Universal Presenter Remote WatchKit App */ = {
			isa = PBXNativeTarget;
			buildConfigurationList = B3C968D31AB20B44000819E0 /* Build configuration list for PBXNativeTarget "Universal Presenter Remote WatchKit App" */;
			buildPhases = (
				B3C968BE1AB20B44000819E0 /* Resources */,
			);
			buildRules = (
			);
			dependencies = (
			);
			name = "Universal Presenter Remote WatchKit App";
			productName = "Universal Presenter Remote WatchKit App";
			productReference = B3C968C01AB20B44000819E0 /* Universal Presenter Remote WatchKit App.app */;
			productType = "com.apple.product-type.application.watchapp";
		};
		ED70D5E518FF17E0007B4C18 /* Universal Presenter Remote */ = {
			isa = PBXNativeTarget;
			buildConfigurationList = ED70D61218FF17E1007B4C18 /* Build configuration list for PBXNativeTarget "Universal Presenter Remote" */;
			buildPhases = (
				ED70D5E218FF17E0007B4C18 /* Sources */,
				ED70D5E318FF17E0007B4C18 /* Frameworks */,
				ED70D5E418FF17E0007B4C18 /* Resources */,
				B3C968D51AB20B44000819E0 /* Embed App Extensions */,
			);
			buildRules = (
			);
			dependencies = (
				B3C968CD1AB20B44000819E0 /* PBXTargetDependency */,
			);
			name = "Universal Presenter Remote";
			productName = "Universal Presenter Remote";
			productReference = ED70D5E618FF17E0007B4C18 /* Universal Presenter Remote.app */;
			productType = "com.apple.product-type.application";
		};
		ED70D60018FF17E1007B4C18 /* Universal Presenter RemoteTests */ = {
			isa = PBXNativeTarget;
			buildConfigurationList = ED70D61518FF17E1007B4C18 /* Build configuration list for PBXNativeTarget "Universal Presenter RemoteTests" */;
			buildPhases = (
				ED70D5FD18FF17E1007B4C18 /* Sources */,
				ED70D5FE18FF17E1007B4C18 /* Frameworks */,
				ED70D5FF18FF17E1007B4C18 /* Resources */,
			);
			buildRules = (
			);
			dependencies = (
				ED70D60718FF17E1007B4C18 /* PBXTargetDependency */,
			);
			name = "Universal Presenter RemoteTests";
			productName = "Universal Presenter RemoteTests";
			productReference = ED70D60118FF17E1007B4C18 /* Universal Presenter RemoteTests.xctest */;
			productType = "com.apple.product-type.bundle.unit-test";
		};
/* End PBXNativeTarget section */

/* Begin PBXProject section */
		ED70D5DE18FF17E0007B4C18 /* Project object */ = {
			isa = PBXProject;
			attributes = {
				CLASSPREFIX = DBZ_;
				LastUpgradeCheck = 0510;
				ORGANIZATIONNAME = "DBZ Technology";
				TargetAttributes = {
					B3C968B21AB20B44000819E0 = {
						CreatedOnToolsVersion = 6.2;
						DevelopmentTeam = 93C4626635;
						SystemCapabilities = {
							com.apple.ApplicationGroups.iOS = {
								enabled = 1;
							};
						};
					};
					B3C968BF1AB20B44000819E0 = {
						CreatedOnToolsVersion = 6.2;
						DevelopmentTeam = 93C4626635;
					};
					ED70D5E518FF17E0007B4C18 = {
						DevelopmentTeam = 93C4626635;
						SystemCapabilities = {
							com.apple.ApplicationGroups.iOS = {
								enabled = 1;
							};
							com.apple.BackgroundModes = {
								enabled = 1;
							};
							com.apple.SafariKeychain = {
								enabled = 1;
							};
							com.apple.iCloud = {
								enabled = 1;
							};
						};
					};
					ED70D60018FF17E1007B4C18 = {
						TestTargetID = ED70D5E518FF17E0007B4C18;
					};
				};
			};
			buildConfigurationList = ED70D5E118FF17E0007B4C18 /* Build configuration list for PBXProject "Universal Presenter Remote" */;
			compatibilityVersion = "Xcode 3.2";
			developmentRegion = English;
			hasScannedForEncodings = 0;
			knownRegions = (
				en,
				Base,
			);
			mainGroup = ED70D5DD18FF17E0007B4C18;
			productRefGroup = ED70D5E718FF17E0007B4C18 /* Products */;
			projectDirPath = "";
			projectRoot = "";
			targets = (
				ED70D5E518FF17E0007B4C18 /* Universal Presenter Remote */,
				ED70D60018FF17E1007B4C18 /* Universal Presenter RemoteTests */,
				B3C968B21AB20B44000819E0 /* Universal Presenter Remote WatchKit Extension */,
				B3C968BF1AB20B44000819E0 /* Universal Presenter Remote WatchKit App */,
			);
		};
/* End PBXProject section */

/* Begin PBXResourcesBuildPhase section */
		B3C968B11AB20B44000819E0 /* Resources */ = {
			isa = PBXResourcesBuildPhase;
			buildActionMask = 2147483647;
			files = (
				B3C968BD1AB20B44000819E0 /* Images.xcassets in Resources */,
				B362B6131AC5E25C00F2BBAE /* Batman.ttf in Resources */,
				B3C968C11AB20B44000819E0 /* Universal Presenter Remote WatchKit App.app in Resources */,
				B36A1DE31AB7672B00A6A956 /* PushNotificationPayloadOld.apns in Resources */,
			);
			runOnlyForDeploymentPostprocessing = 0;
		};
		B3C968BE1AB20B44000819E0 /* Resources */ = {
			isa = PBXResourcesBuildPhase;
			buildActionMask = 2147483647;
			files = (
				B362B6141AC5E26700F2BBAE /* Batman.ttf in Resources */,
				B3C968C91AB20B44000819E0 /* Interface.storyboard in Resources */,
				B3C968CB1AB20B44000819E0 /* Images.xcassets in Resources */,
			);
			runOnlyForDeploymentPostprocessing = 0;
		};
		ED70D5E418FF17E0007B4C18 /* Resources */ = {
			isa = PBXResourcesBuildPhase;
			buildActionMask = 2147483647;
			files = (
				B3A99A2A19D203E9002BBBA5 /* LaunchScreen.storyboard in Resources */,
				B34E227119AD41290001127D /* Images.xcassets in Resources */,
				B34E227319AD5B4F0001127D /* Batman.ttf in Resources */,
				ED70D5F418FF17E0007B4C18 /* InfoPlist.strings in Resources */,
				B36F79B71ADDBB6800CACFE5 /* GoogleAnalytics in Resources */,
				B32B67131AB7950D00D2C728 /* Unified.storyboard in Resources */,
			);
			runOnlyForDeploymentPostprocessing = 0;
		};
		ED70D5FF18FF17E1007B4C18 /* Resources */ = {
			isa = PBXResourcesBuildPhase;
			buildActionMask = 2147483647;
			files = (
				ED70D60D18FF17E1007B4C18 /* InfoPlist.strings in Resources */,
			);
			runOnlyForDeploymentPostprocessing = 0;
		};
/* End PBXResourcesBuildPhase section */

/* Begin PBXSourcesBuildPhase section */
		B3C968AF1AB20B44000819E0 /* Sources */ = {
			isa = PBXSourcesBuildPhase;
			buildActionMask = 2147483647;
			files = (
				B3C968BB1AB20B44000819E0 /* NotificationController.swift in Sources */,
				B3063AEB1AB655E500285BE4 /* DBZ_WKLoginView.m in Sources */,
				B3C820E81AB627E000CD3438 /* MMWormhole.m in Sources */,
				B3063AEE1AB6560300285BE4 /* DBZ_WKControlView.m in Sources */,
			);
			runOnlyForDeploymentPostprocessing = 0;
		};
		ED70D5E218FF17E0007B4C18 /* Sources */ = {
			isa = PBXSourcesBuildPhase;
			buildActionMask = 2147483647;
			files = (
				B3E35D181A094B1D0099DCD4 /* DBZ_QRVeiw.swift in Sources */,
				ED70D5F618FF17E0007B4C18 /* main.m in Sources */,
				B357A5DD190453D500CCECB6 /* DBZ_InfoView.m in Sources */,
				ED70D5FA18FF17E0007B4C18 /* DBZ_AppDelegate.m in Sources */,
				B3E35D1B1A094D530099DCD4 /* igViewController.m in Sources */,
				ED70D62218FF1979007B4C18 /* DBZ_LoginView.m in Sources */,
				B3C820E71AB627E000CD3438 /* MMWormhole.m in Sources */,
				ED282332190068010030B9C4 /* DBZ_ControlView.m in Sources */,
				B3CBFA5019B80AD100FF6837 /* DBZ_SettingsView.m in Sources */,
				ED28233519006BF50030B9C4 /* DBZ_ServerCommunication.m in Sources */,
			);
			runOnlyForDeploymentPostprocessing = 0;
		};
		ED70D5FD18FF17E1007B4C18 /* Sources */ = {
			isa = PBXSourcesBuildPhase;
			buildActionMask = 2147483647;
			files = (
				ED70D60F18FF17E1007B4C18 /* Universal_Presenter_RemoteTests.m in Sources */,
			);
			runOnlyForDeploymentPostprocessing = 0;
		};
/* End PBXSourcesBuildPhase section */

/* Begin PBXTargetDependency section */
		B3C968C31AB20B44000819E0 /* PBXTargetDependency */ = {
			isa = PBXTargetDependency;
			target = B3C968BF1AB20B44000819E0 /* Universal Presenter Remote WatchKit App */;
			targetProxy = B3C968C21AB20B44000819E0 /* PBXContainerItemProxy */;
		};
		B3C968CD1AB20B44000819E0 /* PBXTargetDependency */ = {
			isa = PBXTargetDependency;
			target = B3C968B21AB20B44000819E0 /* Universal Presenter Remote WatchKit Extension */;
			targetProxy = B3C968CC1AB20B44000819E0 /* PBXContainerItemProxy */;
		};
		ED70D60718FF17E1007B4C18 /* PBXTargetDependency */ = {
			isa = PBXTargetDependency;
			target = ED70D5E518FF17E0007B4C18 /* Universal Presenter Remote */;
			targetProxy = ED70D60618FF17E1007B4C18 /* PBXContainerItemProxy */;
		};
/* End PBXTargetDependency section */

/* Begin PBXVariantGroup section */
		B32B67151AB7950D00D2C728 /* Unified.storyboard */ = {
			isa = PBXVariantGroup;
			children = (
				B32B67141AB7950D00D2C728 /* en */,
				B32B67161AB7951800D2C728 /* Base */,
			);
			name = Unified.storyboard;
			sourceTree = "<group>";
		};
		B3C968C71AB20B44000819E0 /* Interface.storyboard */ = {
			isa = PBXVariantGroup;
			children = (
				B3C968C81AB20B44000819E0 /* Base */,
			);
			name = Interface.storyboard;
			sourceTree = "<group>";
		};
		ED70D5F218FF17E0007B4C18 /* InfoPlist.strings */ = {
			isa = PBXVariantGroup;
			children = (
				ED70D5F318FF17E0007B4C18 /* en */,
			);
			name = InfoPlist.strings;
			sourceTree = "<group>";
		};
		ED70D60B18FF17E1007B4C18 /* InfoPlist.strings */ = {
			isa = PBXVariantGroup;
			children = (
				ED70D60C18FF17E1007B4C18 /* en */,
			);
			name = InfoPlist.strings;
			sourceTree = "<group>";
		};
/* End PBXVariantGroup section */

/* Begin XCBuildConfiguration section */
		B3C968CF1AB20B44000819E0 /* Debug */ = {
			isa = XCBuildConfiguration;
			buildSettings = {
				CLANG_WARN_UNREACHABLE_CODE = YES;
				CODE_SIGN_ENTITLEMENTS = "Universal Presenter Remote WatchKit Extension/Universal Presenter Remote WatchKit Extension.entitlements";
				CODE_SIGN_IDENTITY = "iPhone Developer: Brendan Boyle (6EM5FFNW2D)";
				"CODE_SIGN_IDENTITY[sdk=iphoneos*]" = "iPhone Developer: Brendan Boyle (6EM5FFNW2D)";
				ENABLE_STRICT_OBJC_MSGSEND = YES;
				GCC_PREPROCESSOR_DEFINITIONS = (
					"DEBUG=1",
					"$(inherited)",
				);
				INFOPLIST_FILE = "Universal Presenter Remote WatchKit Extension/Info.plist";
				IPHONEOS_DEPLOYMENT_TARGET = 8.2;
				LD_RUNPATH_SEARCH_PATHS = "$(inherited) @executable_path/Frameworks @executable_path/../../Frameworks";
				LIBRARY_SEARCH_PATHS = (
					"$(inherited)",
					"$(PROJECT_DIR)/GoogleAnalytics",
				);
				MTL_ENABLE_DEBUG_INFO = YES;
				PRODUCT_NAME = "${TARGET_NAME}";
				PROVISIONING_PROFILE = "82478e06-fcdc-4076-b098-61c66fa6021f";
				SKIP_INSTALL = YES;
				SWIFT_OBJC_BRIDGING_HEADER = "Universal Presenter Remote/Universal Presenter Remote-Bridging-Header.h";
				SWIFT_OPTIMIZATION_LEVEL = "-Onone";
			};
			name = Debug;
		};
		B3C968D01AB20B44000819E0 /* Release */ = {
			isa = XCBuildConfiguration;
			buildSettings = {
				CLANG_WARN_UNREACHABLE_CODE = YES;
				CODE_SIGN_ENTITLEMENTS = "Universal Presenter Remote WatchKit Extension/Universal Presenter Remote WatchKit Extension.entitlements";
				CODE_SIGN_IDENTITY = "iPhone Distribution: Brendan Boyle (93C4626635)";
				"CODE_SIGN_IDENTITY[sdk=iphoneos*]" = "iPhone Distribution: Brendan Boyle (93C4626635)";
				COPY_PHASE_STRIP = NO;
				ENABLE_STRICT_OBJC_MSGSEND = YES;
				INFOPLIST_FILE = "Universal Presenter Remote WatchKit Extension/Info.plist";
				IPHONEOS_DEPLOYMENT_TARGET = 8.2;
				LD_RUNPATH_SEARCH_PATHS = "$(inherited) @executable_path/Frameworks @executable_path/../../Frameworks";
				LIBRARY_SEARCH_PATHS = (
					"$(inherited)",
					"$(PROJECT_DIR)/GoogleAnalytics",
				);
				MTL_ENABLE_DEBUG_INFO = NO;
				PRODUCT_NAME = "${TARGET_NAME}";
				PROVISIONING_PROFILE = "374936aa-fb85-434b-a064-f30e76fd333f";
				SKIP_INSTALL = YES;
				SWIFT_OBJC_BRIDGING_HEADER = "Universal Presenter Remote/Universal Presenter Remote-Bridging-Header.h";
			};
			name = Release;
		};
		B3C968D11AB20B44000819E0 /* Debug */ = {
			isa = XCBuildConfiguration;
			buildSettings = {
				ASSETCATALOG_COMPILER_APPICON_NAME = AppIcon;
				CLANG_WARN_UNREACHABLE_CODE = YES;
				CODE_SIGN_IDENTITY = "iPhone Developer";
				ENABLE_STRICT_OBJC_MSGSEND = YES;
				GCC_PREPROCESSOR_DEFINITIONS = (
					"DEBUG=1",
					"$(inherited)",
				);
				IBSC_MODULE = Universal_Presenter_Remote_WatchKit_Extension;
				INFOPLIST_FILE = "Universal Presenter Remote WatchKit App/Info.plist";
				IPHONEOS_DEPLOYMENT_TARGET = 8.2;
				MTL_ENABLE_DEBUG_INFO = YES;
				PRODUCT_NAME = "$(TARGET_NAME)";
				SKIP_INSTALL = YES;
				TARGETED_DEVICE_FAMILY = 4;
				"TARGETED_DEVICE_FAMILY[sdk=iphonesimulator*]" = "1,4";
			};
			name = Debug;
		};
		B3C968D21AB20B44000819E0 /* Release */ = {
			isa = XCBuildConfiguration;
			buildSettings = {
				ASSETCATALOG_COMPILER_APPICON_NAME = AppIcon;
				CLANG_WARN_UNREACHABLE_CODE = YES;
				CODE_SIGN_IDENTITY = "iPhone Distribution";
				COPY_PHASE_STRIP = NO;
				ENABLE_STRICT_OBJC_MSGSEND = YES;
				IBSC_MODULE = Universal_Presenter_Remote_WatchKit_Extension;
				INFOPLIST_FILE = "Universal Presenter Remote WatchKit App/Info.plist";
				IPHONEOS_DEPLOYMENT_TARGET = 8.2;
				MTL_ENABLE_DEBUG_INFO = NO;
				PRODUCT_NAME = "$(TARGET_NAME)";
				SKIP_INSTALL = YES;
				TARGETED_DEVICE_FAMILY = 4;
				"TARGETED_DEVICE_FAMILY[sdk=iphonesimulator*]" = "1,4";
			};
			name = Release;
		};
		ED70D61018FF17E1007B4C18 /* Debug */ = {
			isa = XCBuildConfiguration;
			buildSettings = {
				ALWAYS_SEARCH_USER_PATHS = NO;
				CLANG_CXX_LANGUAGE_STANDARD = "gnu++0x";
				CLANG_CXX_LIBRARY = "libc++";
				CLANG_ENABLE_MODULES = YES;
				CLANG_ENABLE_OBJC_ARC = YES;
				CLANG_WARN_BOOL_CONVERSION = YES;
				CLANG_WARN_CONSTANT_CONVERSION = YES;
				CLANG_WARN_DIRECT_OBJC_ISA_USAGE = YES_ERROR;
				CLANG_WARN_EMPTY_BODY = YES;
				CLANG_WARN_ENUM_CONVERSION = YES;
				CLANG_WARN_INT_CONVERSION = YES;
				CLANG_WARN_OBJC_ROOT_CLASS = YES_ERROR;
				CLANG_WARN__DUPLICATE_METHOD_MATCH = YES;
				"CODE_SIGN_IDENTITY[sdk=iphoneos*]" = "iPhone Developer";
				COPY_PHASE_STRIP = NO;
				GCC_C_LANGUAGE_STANDARD = gnu99;
				GCC_DYNAMIC_NO_PIC = NO;
				GCC_OPTIMIZATION_LEVEL = 0;
				GCC_PREPROCESSOR_DEFINITIONS = (
					"DEBUG=1",
					"$(inherited)",
				);
				GCC_SYMBOLS_PRIVATE_EXTERN = NO;
				GCC_WARN_64_TO_32_BIT_CONVERSION = YES;
				GCC_WARN_ABOUT_RETURN_TYPE = YES_ERROR;
				GCC_WARN_UNDECLARED_SELECTOR = YES;
				GCC_WARN_UNINITIALIZED_AUTOS = YES_AGGRESSIVE;
				GCC_WARN_UNUSED_FUNCTION = YES;
				GCC_WARN_UNUSED_VARIABLE = YES;
				IPHONEOS_DEPLOYMENT_TARGET = 7.1;
				ONLY_ACTIVE_ARCH = YES;
				SDKROOT = iphoneos;
				TARGETED_DEVICE_FAMILY = "1,2";
			};
			name = Debug;
		};
		ED70D61118FF17E1007B4C18 /* Release */ = {
			isa = XCBuildConfiguration;
			buildSettings = {
				ALWAYS_SEARCH_USER_PATHS = NO;
				CLANG_CXX_LANGUAGE_STANDARD = "gnu++0x";
				CLANG_CXX_LIBRARY = "libc++";
				CLANG_ENABLE_MODULES = YES;
				CLANG_ENABLE_OBJC_ARC = YES;
				CLANG_WARN_BOOL_CONVERSION = YES;
				CLANG_WARN_CONSTANT_CONVERSION = YES;
				CLANG_WARN_DIRECT_OBJC_ISA_USAGE = YES_ERROR;
				CLANG_WARN_EMPTY_BODY = YES;
				CLANG_WARN_ENUM_CONVERSION = YES;
				CLANG_WARN_INT_CONVERSION = YES;
				CLANG_WARN_OBJC_ROOT_CLASS = YES_ERROR;
				CLANG_WARN__DUPLICATE_METHOD_MATCH = YES;
				"CODE_SIGN_IDENTITY[sdk=iphoneos*]" = "iPhone Developer";
				COPY_PHASE_STRIP = YES;
				ENABLE_NS_ASSERTIONS = NO;
				GCC_C_LANGUAGE_STANDARD = gnu99;
				GCC_WARN_64_TO_32_BIT_CONVERSION = YES;
				GCC_WARN_ABOUT_RETURN_TYPE = YES_ERROR;
				GCC_WARN_UNDECLARED_SELECTOR = YES;
				GCC_WARN_UNINITIALIZED_AUTOS = YES_AGGRESSIVE;
				GCC_WARN_UNUSED_FUNCTION = YES;
				GCC_WARN_UNUSED_VARIABLE = YES;
				IPHONEOS_DEPLOYMENT_TARGET = 7.1;
				SDKROOT = iphoneos;
				TARGETED_DEVICE_FAMILY = "1,2";
				VALIDATE_PRODUCT = YES;
			};
			name = Release;
		};
		ED70D61318FF17E1007B4C18 /* Debug */ = {
			isa = XCBuildConfiguration;
			buildSettings = {
				ASSETCATALOG_COMPILER_APPICON_NAME = AppIcon;
				ASSETCATALOG_COMPILER_LAUNCHIMAGE_NAME = LaunchImage;
				CLANG_ENABLE_MODULES = YES;
				CODE_SIGN_ENTITLEMENTS = "Universal Presenter Remote/Universal Presenter Remote.entitlements";
				CODE_SIGN_IDENTITY = "iPhone Developer";
				"CODE_SIGN_IDENTITY[sdk=iphoneos*]" = "iPhone Developer: Brendan Boyle (6EM5FFNW2D)";
				EMBEDDED_CONTENT_CONTAINS_SWIFT = YES;
				GCC_PRECOMPILE_PREFIX_HEADER = YES;
				GCC_PREFIX_HEADER = "Universal Presenter Remote/Universal Presenter Remote-Prefix.pch";
				INFOPLIST_FILE = "Universal Presenter Remote/Universal Presenter Remote-Info.plist";
				IPHONEOS_DEPLOYMENT_TARGET = 8.0;
				LD_RUNPATH_SEARCH_PATHS = "$(inherited) @executable_path/Frameworks";
				LIBRARY_SEARCH_PATHS = (
					"$(inherited)",
					"$(PROJECT_DIR)/GoogleAnalytics",
					"$(PROJECT_DIR)/Universal",
					Presenter,
					Remote/GoogleAnalytics,
					"$(PROJECT_DIR)/Universal",
					Presenter,
					Remote/GoogleAnalyticsServicesiOS_3.10,
				);
				PRODUCT_NAME = "$(TARGET_NAME)";
				PROVISIONING_PROFILE = "ca3b0ce2-9f1e-4a3f-81e6-f2b90935ce4a";
				SWIFT_OBJC_BRIDGING_HEADER = "Universal Presenter Remote/Universal Presenter Remote-Bridging-Header.h";
				SWIFT_OPTIMIZATION_LEVEL = "-Onone";
				WRAPPER_EXTENSION = app;
			};
			name = Debug;
		};
		ED70D61418FF17E1007B4C18 /* Release */ = {
			isa = XCBuildConfiguration;
			buildSettings = {
				ASSETCATALOG_COMPILER_APPICON_NAME = AppIcon;
				ASSETCATALOG_COMPILER_LAUNCHIMAGE_NAME = LaunchImage;
				CLANG_ENABLE_MODULES = YES;
				CODE_SIGN_ENTITLEMENTS = "Universal Presenter Remote/Universal Presenter Remote.entitlements";
				CODE_SIGN_IDENTITY = "iPhone Developer";
				"CODE_SIGN_IDENTITY[sdk=iphoneos*]" = "iPhone Distribution: Brendan Boyle (93C4626635)";
				EMBEDDED_CONTENT_CONTAINS_SWIFT = YES;
				GCC_PRECOMPILE_PREFIX_HEADER = YES;
				GCC_PREFIX_HEADER = "Universal Presenter Remote/Universal Presenter Remote-Prefix.pch";
				INFOPLIST_FILE = "Universal Presenter Remote/Universal Presenter Remote-Info.plist";
				IPHONEOS_DEPLOYMENT_TARGET = 8.0;
				LD_RUNPATH_SEARCH_PATHS = "$(inherited) @executable_path/Frameworks";
				LIBRARY_SEARCH_PATHS = (
					"$(inherited)",
					"$(PROJECT_DIR)/GoogleAnalytics",
					"$(PROJECT_DIR)/Universal",
					Presenter,
					Remote/GoogleAnalytics,
					"$(PROJECT_DIR)/Universal",
					Presenter,
					Remote/GoogleAnalyticsServicesiOS_3.10,
				);
				PRODUCT_NAME = "$(TARGET_NAME)";
				PROVISIONING_PROFILE = "ff5e77e7-4b6d-4b08-a30f-8868b720b896";
				SWIFT_OBJC_BRIDGING_HEADER = "Universal Presenter Remote/Universal Presenter Remote-Bridging-Header.h";
				WRAPPER_EXTENSION = app;
			};
			name = Release;
		};
		ED70D61618FF17E1007B4C18 /* Debug */ = {
			isa = XCBuildConfiguration;
			buildSettings = {
				BUNDLE_LOADER = "$(BUILT_PRODUCTS_DIR)/Universal Presenter Remote.app/Universal Presenter Remote";
				FRAMEWORK_SEARCH_PATHS = (
					"$(SDKROOT)/Developer/Library/Frameworks",
					"$(inherited)",
					"$(DEVELOPER_FRAMEWORKS_DIR)",
				);
				GCC_PRECOMPILE_PREFIX_HEADER = YES;
				GCC_PREFIX_HEADER = "Universal Presenter Remote/Universal Presenter Remote-Prefix.pch";
				GCC_PREPROCESSOR_DEFINITIONS = (
					"DEBUG=1",
					"$(inherited)",
				);
				INFOPLIST_FILE = "Universal Presenter RemoteTests/Universal Presenter RemoteTests-Info.plist";
				PRODUCT_NAME = "$(TARGET_NAME)";
				TEST_HOST = "$(BUNDLE_LOADER)";
				WRAPPER_EXTENSION = xctest;
			};
			name = Debug;
		};
		ED70D61718FF17E1007B4C18 /* Release */ = {
			isa = XCBuildConfiguration;
			buildSettings = {
				BUNDLE_LOADER = "$(BUILT_PRODUCTS_DIR)/Universal Presenter Remote.app/Universal Presenter Remote";
				FRAMEWORK_SEARCH_PATHS = (
					"$(SDKROOT)/Developer/Library/Frameworks",
					"$(inherited)",
					"$(DEVELOPER_FRAMEWORKS_DIR)",
				);
				GCC_PRECOMPILE_PREFIX_HEADER = YES;
				GCC_PREFIX_HEADER = "Universal Presenter Remote/Universal Presenter Remote-Prefix.pch";
				INFOPLIST_FILE = "Universal Presenter RemoteTests/Universal Presenter RemoteTests-Info.plist";
				PRODUCT_NAME = "$(TARGET_NAME)";
				TEST_HOST = "$(BUNDLE_LOADER)";
				WRAPPER_EXTENSION = xctest;
			};
			name = Release;
		};
/* End XCBuildConfiguration section */

/* Begin XCConfigurationList section */
		B3C968D31AB20B44000819E0 /* Build configuration list for PBXNativeTarget "Universal Presenter Remote WatchKit App" */ = {
			isa = XCConfigurationList;
			buildConfigurations = (
				B3C968D11AB20B44000819E0 /* Debug */,
				B3C968D21AB20B44000819E0 /* Release */,
			);
			defaultConfigurationIsVisible = 0;
			defaultConfigurationName = Release;
		};
		B3C968D41AB20B44000819E0 /* Build configuration list for PBXNativeTarget "Universal Presenter Remote WatchKit Extension" */ = {
			isa = XCConfigurationList;
			buildConfigurations = (
				B3C968CF1AB20B44000819E0 /* Debug */,
				B3C968D01AB20B44000819E0 /* Release */,
			);
			defaultConfigurationIsVisible = 0;
			defaultConfigurationName = Release;
		};
		ED70D5E118FF17E0007B4C18 /* Build configuration list for PBXProject "Universal Presenter Remote" */ = {
			isa = XCConfigurationList;
			buildConfigurations = (
				ED70D61018FF17E1007B4C18 /* Debug */,
				ED70D61118FF17E1007B4C18 /* Release */,
			);
			defaultConfigurationIsVisible = 0;
			defaultConfigurationName = Release;
		};
		ED70D61218FF17E1007B4C18 /* Build configuration list for PBXNativeTarget "Universal Presenter Remote" */ = {
			isa = XCConfigurationList;
			buildConfigurations = (
				ED70D61318FF17E1007B4C18 /* Debug */,
				ED70D61418FF17E1007B4C18 /* Release */,
			);
			defaultConfigurationIsVisible = 0;
			defaultConfigurationName = Release;
		};
		ED70D61518FF17E1007B4C18 /* Build configuration list for PBXNativeTarget "Universal Presenter RemoteTests" */ = {
			isa = XCConfigurationList;
			buildConfigurations = (
				ED70D61618FF17E1007B4C18 /* Debug */,
				ED70D61718FF17E1007B4C18 /* Release */,
			);
			defaultConfigurationIsVisible = 0;
			defaultConfigurationName = Release;
		};
/* End XCConfigurationList section */
	};
	rootObject = ED70D5DE18FF17E0007B4C18 /* Project object */;
}
